// !$*UTF8*$!
{
	archiveVersion = 1;
	classes = {
	};
	objectVersion = 56;
	objects = {

/* Begin PBXBuildFile section */
		3600ACCC2AA0C3D70022506A /* UITaskTitleTextView.swift in Sources */ = {isa = PBXBuildFile; fileRef = 3600ACCB2AA0C3D70022506A /* UITaskTitleTextView.swift */; };
		3600ACCE2AA0E3DC0022506A /* PIXEL_PERFECT_screen.swift in Sources */ = {isa = PBXBuildFile; fileRef = 3600ACCD2AA0E3DC0022506A /* PIXEL_PERFECT_screen.swift */; };
		3600ACD32AA0F4C80022506A /* TableVariantsViewController.swift in Sources */ = {isa = PBXBuildFile; fileRef = 3600ACD22AA0F4C80022506A /* TableVariantsViewController.swift */; };
		360784842B0E1D1700ED7BD6 /* TaskFile+CoreDataClass.swift in Sources */ = {isa = PBXBuildFile; fileRef = 360784822B0E1D1700ED7BD6 /* TaskFile+CoreDataClass.swift */; };
		3607F5562B135905009B5D1D /* SuperDoer.xcdatamodeld in Sources */ = {isa = PBXBuildFile; fileRef = 3607F5542B135904009B5D1D /* SuperDoer.xcdatamodeld */; };
		360D6C5C2A8BC3350092EA5C /* FileButtonCell.swift in Sources */ = {isa = PBXBuildFile; fileRef = 360D6C5B2A8BC3350092EA5C /* FileButtonCell.swift */; };
		360DCA752B08D368005BA4CC /* EntityManager.swift in Sources */ = {isa = PBXBuildFile; fileRef = 360DCA742B08D368005BA4CC /* EntityManager.swift */; };
		361C9C722B8255FB0002155C /* TaskDetailViewModel.swift in Sources */ = {isa = PBXBuildFile; fileRef = 361C9C712B8255FB0002155C /* TaskDetailViewModel.swift */; };
		361C9C752B8259D40002155C /* Box.swift in Sources */ = {isa = PBXBuildFile; fileRef = 361C9C742B8259D40002155C /* Box.swift */; };
		361D85AA2B88A2BD00406A6B /* DeletableItemViewModelType.swift in Sources */ = {isa = PBXBuildFile; fileRef = 361D85A92B88A2BD00406A6B /* DeletableItemViewModelType.swift */; };
		361DD8F52B08D5B8009A0AEE /* TaskEntityManager.swift in Sources */ = {isa = PBXBuildFile; fileRef = 361DD8F42B08D5B8009A0AEE /* TaskEntityManager.swift */; };
		361DD8FC2B08DE5C009A0AEE /* Task+CoreDataClass.swift in Sources */ = {isa = PBXBuildFile; fileRef = 361DD8FA2B08DE5C009A0AEE /* Task+CoreDataClass.swift */; };
		361F20D12B11EB4600CD4A90 /* TaskSectionEntityManager.swift in Sources */ = {isa = PBXBuildFile; fileRef = 361F20D02B11EB4600CD4A90 /* TaskSectionEntityManager.swift */; };
		362568FC2B8519B300CFC5E4 /* AddSectionPanelTextField.swift in Sources */ = {isa = PBXBuildFile; fileRef = 362568FB2B8519B300CFC5E4 /* AddSectionPanelTextField.swift */; };
		362568FF2B851AC400CFC5E4 /* CreateTaskBottomPanelView.swift in Sources */ = {isa = PBXBuildFile; fileRef = 362568FE2B851AC400CFC5E4 /* CreateTaskBottomPanelView.swift */; };
		362569012B851FDE00CFC5E4 /* CreateTaskPanelTextField.swift in Sources */ = {isa = PBXBuildFile; fileRef = 362569002B851FDE00CFC5E4 /* CreateTaskPanelTextField.swift */; };
		362AA8BA2B0F69EF0042A17C /* TaskFileEntityManager.swift in Sources */ = {isa = PBXBuildFile; fileRef = 362AA8B92B0F69EF0042A17C /* TaskFileEntityManager.swift */; };
		362D15012A86249000ADE1A8 /* .gitignore in Resources */ = {isa = PBXBuildFile; fileRef = 362D15002A86249000ADE1A8 /* .gitignore */; };
		362D15032A862C2700ADE1A8 /* TaskDetailTableView.swift in Sources */ = {isa = PBXBuildFile; fileRef = 362D15022A862C2700ADE1A8 /* TaskDetailTableView.swift */; };
		362D15062A8632D700ADE1A8 /* TaskDetailLabelsButtonCell.swift in Sources */ = {isa = PBXBuildFile; fileRef = 362D15052A8632D600ADE1A8 /* TaskDetailLabelsButtonCell.swift */; };
		3630CB822B1B436D00E65115 /* TaskSectionCustom+CoreDataClass.swift in Sources */ = {isa = PBXBuildFile; fileRef = 3630CB812B1B436D00E65115 /* TaskSectionCustom+CoreDataClass.swift */; };
		3630CB842B1B455100E65115 /* TaskSectionSystem.swift in Sources */ = {isa = PBXBuildFile; fileRef = 3630CB832B1B455100E65115 /* TaskSectionSystem.swift */; };
		3630CB862B1B467400E65115 /* TaskSectionProtocol.swift in Sources */ = {isa = PBXBuildFile; fileRef = 3630CB852B1B467400E65115 /* TaskSectionProtocol.swift */; };
		3642379D2BA4A89F00E3AE76 /* TaskRepeatPeriodVariantsCoordinator.swift in Sources */ = {isa = PBXBuildFile; fileRef = 3642379C2BA4A89F00E3AE76 /* TaskRepeatPeriodVariantsCoordinator.swift */; };
		364237A02BA4B1C600E3AE76 /* TaskRepeatPeriodCusomCoordinator.swift in Sources */ = {isa = PBXBuildFile; fileRef = 3642379F2BA4B1C600E3AE76 /* TaskRepeatPeriodCusomCoordinator.swift */; };
		3642C0382A8CAEF00000A078 /* DescriptionButtonCell.swift in Sources */ = {isa = PBXBuildFile; fileRef = 3642C0372A8CAEF00000A078 /* DescriptionButtonCell.swift */; };
		3645DD6F2B8DD8D8009CB533 /* TaskRepeatPeriodTableVariantsViewModel.swift in Sources */ = {isa = PBXBuildFile; fileRef = 3645DD6E2B8DD8D8009CB533 /* TaskRepeatPeriodTableVariantsViewModel.swift */; };
		3645DD712B8DD981009CB533 /* DateVariantCellViewModel.swift in Sources */ = {isa = PBXBuildFile; fileRef = 3645DD702B8DD981009CB533 /* DateVariantCellViewModel.swift */; };
		3645DD732B8DD9A9009CB533 /* CustomVariantCellViewModel.swift in Sources */ = {isa = PBXBuildFile; fileRef = 3645DD722B8DD9A9009CB533 /* CustomVariantCellViewModel.swift */; };
		364CEAD82BA33F340012D0BF /* TaskDeadlineDateVariantsCoordinator.swift in Sources */ = {isa = PBXBuildFile; fileRef = 364CEAD72BA33F340012D0BF /* TaskDeadlineDateVariantsCoordinator.swift */; };
		364CEADB2BA34AFD0012D0BF /* TaskDeadlineDateCustomCoordinator.swift in Sources */ = {isa = PBXBuildFile; fileRef = 364CEADA2BA34AFD0012D0BF /* TaskDeadlineDateCustomCoordinator.swift */; };
		364E31312A7BC6DE004544D5 /* LargeTitleTableTextField.swift in Sources */ = {isa = PBXBuildFile; fileRef = 364E31302A7BC6DE004544D5 /* LargeTitleTableTextField.swift */; };
		364E31342A7BEB8C004544D5 /* TasksListTableView.swift in Sources */ = {isa = PBXBuildFile; fileRef = 364E31332A7BEB8C004544D5 /* TasksListTableView.swift */; };
		364E7E892B91E63F00C7A2AC /* TaskRepeatPeriodRowViewModelType.swift in Sources */ = {isa = PBXBuildFile; fileRef = 364E7E882B91E63F00C7A2AC /* TaskRepeatPeriodRowViewModelType.swift */; };
		364E7E8B2B91E67A00C7A2AC /* TaskRepeatPeriodAmountRowViewModel.swift in Sources */ = {isa = PBXBuildFile; fileRef = 364E7E8A2B91E67A00C7A2AC /* TaskRepeatPeriodAmountRowViewModel.swift */; };
		364E7E8D2B91E69A00C7A2AC /* TaskRepeatPeriodTypeRowViewModel.swift in Sources */ = {isa = PBXBuildFile; fileRef = 364E7E8C2B91E69A00C7A2AC /* TaskRepeatPeriodTypeRowViewModel.swift */; };
		36587FCD2BA5B2D300463296 /* TaskDescriptionEditorCoordinator.swift in Sources */ = {isa = PBXBuildFile; fileRef = 36587FCC2BA5B2D300463296 /* TaskDescriptionEditorCoordinator.swift */; };
		36587FD22BA5DE7000463296 /* AddFileToTaskSourceAlertCoordinator.swift in Sources */ = {isa = PBXBuildFile; fileRef = 36587FD12BA5DE7000463296 /* AddFileToTaskSourceAlertCoordinator.swift */; };
		36587FD42BA5FB5F00463296 /* AddFileToTaskFromLibraryCoordinator.swift in Sources */ = {isa = PBXBuildFile; fileRef = 36587FD32BA5FB5F00463296 /* AddFileToTaskFromLibraryCoordinator.swift */; };
		36587FDD2BA614E900463296 /* AddFileToTaskFromFilesCoordinator.swift in Sources */ = {isa = PBXBuildFile; fileRef = 36587FDC2BA614E900463296 /* AddFileToTaskFromFilesCoordinator.swift */; };
		36612C012B88E9BD00AFE168 /* TaskSectionCustom+CoreDataProperties.swift in Sources */ = {isa = PBXBuildFile; fileRef = 36612C002B88E9BD00AFE168 /* TaskSectionCustom+CoreDataProperties.swift */; };
		36626DA52B1CBB5700F17CE4 /* TaskSectionCustomListTableViewCellViewModel.swift in Sources */ = {isa = PBXBuildFile; fileRef = 36626DA42B1CBB5700F17CE4 /* TaskSectionCustomListTableViewCellViewModel.swift */; };
		36626DA72B1CBFF200F17CE4 /* TaskSectionListTableViewCellViewModelType.swift in Sources */ = {isa = PBXBuildFile; fileRef = 36626DA62B1CBFF200F17CE4 /* TaskSectionListTableViewCellViewModelType.swift */; };
		36626DA92B1CC16300F17CE4 /* TaskSectionSystemListTableViewCellViewModel.swift in Sources */ = {isa = PBXBuildFile; fileRef = 36626DA82B1CC16300F17CE4 /* TaskSectionSystemListTableViewCellViewModel.swift */; };
		3664663A2B124FCF00371DE3 /* TaskSectionsSeparator.swift in Sources */ = {isa = PBXBuildFile; fileRef = 366466392B124FCF00371DE3 /* TaskSectionsSeparator.swift */; };
		366571742B96139100B9C6F7 /* Swinject in Frameworks */ = {isa = PBXBuildFile; productRef = 366571732B96139100B9C6F7 /* Swinject */; };
		366708B22BA0A88200FC160F /* TaskListInSectionCoordinator.swift in Sources */ = {isa = PBXBuildFile; fileRef = 366708B12BA0A88200FC160F /* TaskListInSectionCoordinator.swift */; };
		366708B52BA0AFA000FC160F /* TaskDetailCoordinator.swift in Sources */ = {isa = PBXBuildFile; fileRef = 366708B42BA0ADB800FC160F /* TaskDetailCoordinator.swift */; };
		366A97C92BA31B1800ADE7CC /* TaskReminderCustomDateCoordinator.swift in Sources */ = {isa = PBXBuildFile; fileRef = 366A97C82BA31B1800ADE7CC /* TaskReminderCustomDateCoordinator.swift */; };
		366BC5C92A87820900D67230 /* TaskDetailBaseButtonCell.swift in Sources */ = {isa = PBXBuildFile; fileRef = 366BC5C82A87820900D67230 /* TaskDetailBaseButtonCell.swift */; };
		366BC5CB2A87A56D00D67230 /* AddSubtaskButtonCell.swift in Sources */ = {isa = PBXBuildFile; fileRef = 366BC5CA2A87A56D00D67230 /* AddSubtaskButtonCell.swift */; };
		366BC5CD2A891F9E00D67230 /* AddToMyDayButtonCell.swift in Sources */ = {isa = PBXBuildFile; fileRef = 366BC5CC2A891F9E00D67230 /* AddToMyDayButtonCell.swift */; };
		366BC5CF2A89264200D67230 /* ReminderDateButtonCell.swift in Sources */ = {isa = PBXBuildFile; fileRef = 366BC5CE2A89264200D67230 /* ReminderDateButtonCell.swift */; };
		366BC5D12A893E6300D67230 /* DeadlineDateButtonCell.swift in Sources */ = {isa = PBXBuildFile; fileRef = 366BC5D02A893E6300D67230 /* DeadlineDateButtonCell.swift */; };
		366BC5D32A89425100D67230 /* RepeatPeriodButtonCell.swift in Sources */ = {isa = PBXBuildFile; fileRef = 366BC5D22A89425100D67230 /* RepeatPeriodButtonCell.swift */; };
		366BC5D52A8944A000D67230 /* AddFileButtonCell.swift in Sources */ = {isa = PBXBuildFile; fileRef = 366BC5D42A8944A000D67230 /* AddFileButtonCell.swift */; };
		366C8A122B8DE2D700465963 /* TaskRepeatPeriodVariantCellViewModel.swift in Sources */ = {isa = PBXBuildFile; fileRef = 366C8A112B8DE2D700465963 /* TaskRepeatPeriodVariantCellViewModel.swift */; };
		366C8A142B8E353600465963 /* CustomTaskRepeatPeriodSetterViewController.swift in Sources */ = {isa = PBXBuildFile; fileRef = 366C8A132B8E353600465963 /* CustomTaskRepeatPeriodSetterViewController.swift */; };
		366C8A172B8E363F00465963 /* CustomTaskRepeatPeriodSetterViewModel.swift in Sources */ = {isa = PBXBuildFile; fileRef = 366C8A162B8E363F00465963 /* CustomTaskRepeatPeriodSetterViewModel.swift */; };
		366D73B22B8881FE00118262 /* TaskSectionListViewModelType.swift in Sources */ = {isa = PBXBuildFile; fileRef = 366D73B12B8881FE00118262 /* TaskSectionListViewModelType.swift */; };
		36714F7A2A8FA74A001043C3 /* UIDynamicLabel.swift in Sources */ = {isa = PBXBuildFile; fileRef = 36714F792A8FA74A001043C3 /* UIDynamicLabel.swift */; };
		3676D7682BA03E7100F695A1 /* DIContainer.swift in Sources */ = {isa = PBXBuildFile; fileRef = 3676D7672BA03E7100F695A1 /* DIContainer.swift */; };
		367E36D52A96463E003E7C1D /* DeleteAlertController.swift in Sources */ = {isa = PBXBuildFile; fileRef = 367E36D42A96463D003E7C1D /* DeleteAlertController.swift */; };
		367E36DA2A98A62C003E7C1D /* AddFileSourceAlertController.swift in Sources */ = {isa = PBXBuildFile; fileRef = 367E36D92A98A62C003E7C1D /* AddFileSourceAlertController.swift */; };
		367F30532AA7505200545F60 /* VariantsTableView.swift in Sources */ = {isa = PBXBuildFile; fileRef = 367F30522AA7505200545F60 /* VariantsTableView.swift */; };
		367F30562AA7522500545F60 /* VariantTableViewCell.swift in Sources */ = {isa = PBXBuildFile; fileRef = 367F30552AA7522500545F60 /* VariantTableViewCell.swift */; };
		368FD0502C1EECBE003B75AA /* NotificationsService.swift in Sources */ = {isa = PBXBuildFile; fileRef = 368FD04F2C1EECBE003B75AA /* NotificationsService.swift */; };
		368FEC6A2A86B2E90001A5D3 /* StandartTaskTableViewCell.swift in Sources */ = {isa = PBXBuildFile; fileRef = 368FEC692A86B2E90001A5D3 /* StandartTaskTableViewCell.swift */; };
		369DEB052BA2FD2900B6D93D /* NotificationsDisableAlertCoordinator.swift in Sources */ = {isa = PBXBuildFile; fileRef = 369DEB042BA2FD2900B6D93D /* NotificationsDisableAlertCoordinator.swift */; };
		369E7A1F2B18FD4E00CBA138 /* TaskSectionListViewModel.swift in Sources */ = {isa = PBXBuildFile; fileRef = 369E7A1E2B18FD4E00CBA138 /* TaskSectionListViewModel.swift */; };
		36A0501F2A500A87006F61D4 /* AppDelegate.swift in Sources */ = {isa = PBXBuildFile; fileRef = 36A0501E2A500A87006F61D4 /* AppDelegate.swift */; };
		36A050212A500A87006F61D4 /* SceneDelegate.swift in Sources */ = {isa = PBXBuildFile; fileRef = 36A050202A500A87006F61D4 /* SceneDelegate.swift */; };
		36A050232A500A87006F61D4 /* TaskSectionsListViewController.swift in Sources */ = {isa = PBXBuildFile; fileRef = 36A050222A500A87006F61D4 /* TaskSectionsListViewController.swift */; };
		36A0502B2A500A89006F61D4 /* Images.xcassets in Resources */ = {isa = PBXBuildFile; fileRef = 36A0502A2A500A89006F61D4 /* Images.xcassets */; };
		36A0502E2A500A89006F61D4 /* LaunchScreen.storyboard in Resources */ = {isa = PBXBuildFile; fileRef = 36A0502C2A500A89006F61D4 /* LaunchScreen.storyboard */; };
		36A050392A504E21006F61D4 /* TaskListInSectionViewController.swift in Sources */ = {isa = PBXBuildFile; fileRef = 36A050382A504E21006F61D4 /* TaskListInSectionViewController.swift */; };
		36A0503B2A504E4B006F61D4 /* TaskDetailViewController.swift in Sources */ = {isa = PBXBuildFile; fileRef = 36A0503A2A504E4B006F61D4 /* TaskDetailViewController.swift */; };
		36A315482BA9820B005EE14D /* DeleteItemCoordinator.swift in Sources */ = {isa = PBXBuildFile; fileRef = 36A315472BA9820B005EE14D /* DeleteItemCoordinator.swift */; };
		36A64EDF2B17789800E586D4 /* TaskDataCellViewModels.swift in Sources */ = {isa = PBXBuildFile; fileRef = 36A64EDE2B17789800E586D4 /* TaskDataCellViewModels.swift */; };
		36A7B5A12B20ADCD00F1E952 /* TaskListInSectionViewModel.swift in Sources */ = {isa = PBXBuildFile; fileRef = 36A7B5A02B20ADCD00F1E952 /* TaskListInSectionViewModel.swift */; };
		36A7B5A32B20AE2F00F1E952 /* TaskListInSectionViewModelType.swift in Sources */ = {isa = PBXBuildFile; fileRef = 36A7B5A22B20AE2F00F1E952 /* TaskListInSectionViewModelType.swift */; };
		36A7B5A52B20B34300F1E952 /* TaskInSectionTableViewCellViewModel.swift in Sources */ = {isa = PBXBuildFile; fileRef = 36A7B5A42B20B34300F1E952 /* TaskInSectionTableViewCellViewModel.swift */; };
		36A7B5A72B20B36400F1E952 /* TaskInSectionTableViewCellViewModelType.swift in Sources */ = {isa = PBXBuildFile; fileRef = 36A7B5A62B20B36400F1E952 /* TaskInSectionTableViewCellViewModelType.swift */; };
		36B80B432A6BA4B600E33F29 /* CheckboxButton.swift in Sources */ = {isa = PBXBuildFile; fileRef = 36B80B422A6BA4B600E33F29 /* CheckboxButton.swift */; };
		36B80B482A6BA67E00E33F29 /* InterfaceColors.swift in Sources */ = {isa = PBXBuildFile; fileRef = 36B80B472A6BA67E00E33F29 /* InterfaceColors.swift */; };
		36B80B4A2A6BABED00E33F29 /* Extensions.swift in Sources */ = {isa = PBXBuildFile; fileRef = 36B80B492A6BABED00E33F29 /* Extensions.swift */; };
		36CA12C12B8C6188005E1FCD /* TaskDeadlineDateCustomViewModel.swift in Sources */ = {isa = PBXBuildFile; fileRef = 36CA12C02B8C6188005E1FCD /* TaskDeadlineDateCustomViewModel.swift */; };
		36CA12C32B8C6212005E1FCD /* CustomDateSetterViewModelType.swift in Sources */ = {isa = PBXBuildFile; fileRef = 36CA12C22B8C6212005E1FCD /* CustomDateSetterViewModelType.swift */; };
		36CA12C72B8C95FF005E1FCD /* TaskReminderCustomDateViewModel.swift in Sources */ = {isa = PBXBuildFile; fileRef = 36CA12C62B8C95FF005E1FCD /* TaskReminderCustomDateViewModel.swift */; };
		36CBA1032A9202BC000C78FB /* NotificationsDisabledAlertController.swift in Sources */ = {isa = PBXBuildFile; fileRef = 36CBA1022A9202BC000C78FB /* NotificationsDisabledAlertController.swift */; };
		36CD03F12B136FDD00C45298 /* SystemSectionsBuilder.swift in Sources */ = {isa = PBXBuildFile; fileRef = 36CD03F02B136FDD00C45298 /* SystemSectionsBuilder.swift */; };
		36CD03F32B13772C00C45298 /* TaskSectionsTableView.swift in Sources */ = {isa = PBXBuildFile; fileRef = 36CD03F22B13772C00C45298 /* TaskSectionsTableView.swift */; };
		36CD03F52B13782A00C45298 /* TaskSectionTableViewCell.swift in Sources */ = {isa = PBXBuildFile; fileRef = 36CD03F42B13782A00C45298 /* TaskSectionTableViewCell.swift */; };
		36CD03F82B13A5E500C45298 /* CustomDateSetterViewController.swift in Sources */ = {isa = PBXBuildFile; fileRef = 36CD03F72B13A5E500C45298 /* CustomDateSetterViewController.swift */; };
		36CF27782BA08ED300641752 /* AppCoordinator.swift in Sources */ = {isa = PBXBuildFile; fileRef = 36CF27772BA08ED300641752 /* AppCoordinator.swift */; };
		36CF277A2BA08EE100641752 /* Coordinator.swift in Sources */ = {isa = PBXBuildFile; fileRef = 36CF27792BA08EE100641752 /* Coordinator.swift */; };
		36CF277C2BA090CA00641752 /* BaseCoordinator.swift in Sources */ = {isa = PBXBuildFile; fileRef = 36CF277B2BA090CA00641752 /* BaseCoordinator.swift */; };
		36CF277F2BA0921B00641752 /* TaskSectionListCoordinator.swift in Sources */ = {isa = PBXBuildFile; fileRef = 36CF277E2BA0921B00641752 /* TaskSectionListCoordinator.swift */; };
		36D0817D2BCC0DE40092E2D9 /* swiftgen.yml in Resources */ = {isa = PBXBuildFile; fileRef = 36D0817C2BCC0DE40092E2D9 /* swiftgen.yml */; };
		36D4E7B52B8104A2007EFCB9 /* AddSectionBottomPanelView.swift in Sources */ = {isa = PBXBuildFile; fileRef = 36D4E7B42B8104A2007EFCB9 /* AddSectionBottomPanelView.swift */; };
		36E917E02A7005C200E3C41A /* StarButton.swift in Sources */ = {isa = PBXBuildFile; fileRef = 36E917DF2A7005C200E3C41A /* StarButton.swift */; };
		36EF18C02B9338E10066D583 /* TaskDetailLabels2StatesButtonCell.swift in Sources */ = {isa = PBXBuildFile; fileRef = 36EF18BF2B9338E10066D583 /* TaskDetailLabels2StatesButtonCell.swift */; };
		36EF4D3A2A9E185900343393 /* TextEditorViewController.swift in Sources */ = {isa = PBXBuildFile; fileRef = 36EF4D392A9E185900343393 /* TextEditorViewController.swift */; };
		36F2B8212B8CD7FB006AE5D7 /* TextEditorViewModelType.swift in Sources */ = {isa = PBXBuildFile; fileRef = 36F2B8202B8CD7FB006AE5D7 /* TextEditorViewModelType.swift */; };
		36F2B8232B8CD82F006AE5D7 /* TaskDescriptionEditorViewModel.swift in Sources */ = {isa = PBXBuildFile; fileRef = 36F2B8222B8CD82F006AE5D7 /* TaskDescriptionEditorViewModel.swift */; };
		36FB6DBB2BA42AFF0062FA4D /* ContainerNavigationController.swift in Sources */ = {isa = PBXBuildFile; fileRef = 36FB6DBA2BA42AFF0062FA4D /* ContainerNavigationController.swift */; };
		36FCF92D2B89E401002B2CB8 /* TableVariantsViewModelType.swift in Sources */ = {isa = PBXBuildFile; fileRef = 36FCF92C2B89E401002B2CB8 /* TableVariantsViewModelType.swift */; };
		36FCF92F2B89E581002B2CB8 /* TaskDeadlineTableVariantsViewModel.swift in Sources */ = {isa = PBXBuildFile; fileRef = 36FCF92E2B89E581002B2CB8 /* TaskDeadlineTableVariantsViewModel.swift */; };
		36FCF9322B8A0E21002B2CB8 /* BaseVariantCellViewModel.swift in Sources */ = {isa = PBXBuildFile; fileRef = 36FCF9312B8A0E20002B2CB8 /* BaseVariantCellViewModel.swift */; };
		36FE0C592BA996E00083513C /* TaskDeletableViewModel.swift in Sources */ = {isa = PBXBuildFile; fileRef = 36FE0C582BA996E00083513C /* TaskDeletableViewModel.swift */; };
		36FE0C5B2BA997A60083513C /* BaseDeletableItemViewModel.swift in Sources */ = {isa = PBXBuildFile; fileRef = 36FE0C5A2BA997A60083513C /* BaseDeletableItemViewModel.swift */; };
		36FE0C5D2BA99A030083513C /* TaskFileDeletableViewModel.swift in Sources */ = {isa = PBXBuildFile; fileRef = 36FE0C5C2BA99A030083513C /* TaskFileDeletableViewModel.swift */; };
		36FE0C5F2BA9CC9C0083513C /* TaskSectionDeletableViewModel.swift in Sources */ = {isa = PBXBuildFile; fileRef = 36FE0C5E2BA9CC9C0083513C /* TaskSectionDeletableViewModel.swift */; };
/* End PBXBuildFile section */

/* Begin PBXCopyFilesBuildPhase section */
		36B31FF52B94F1F700E82DC0 /* Embed Frameworks */ = {
			isa = PBXCopyFilesBuildPhase;
			buildActionMask = 2147483647;
			dstPath = "";
			dstSubfolderSpec = 10;
			files = (
			);
			name = "Embed Frameworks";
			runOnlyForDeploymentPostprocessing = 0;
		};
/* End PBXCopyFilesBuildPhase section */

/* Begin PBXFileReference section */
		3600ACCB2AA0C3D70022506A /* UITaskTitleTextView.swift */ = {isa = PBXFileReference; lastKnownFileType = sourcecode.swift; path = UITaskTitleTextView.swift; sourceTree = "<group>"; };
		3600ACCD2AA0E3DC0022506A /* PIXEL_PERFECT_screen.swift */ = {isa = PBXFileReference; lastKnownFileType = sourcecode.swift; path = PIXEL_PERFECT_screen.swift; sourceTree = "<group>"; };
		3600ACD22AA0F4C80022506A /* TableVariantsViewController.swift */ = {isa = PBXFileReference; lastKnownFileType = sourcecode.swift; path = TableVariantsViewController.swift; sourceTree = "<group>"; };
		360784822B0E1D1700ED7BD6 /* TaskFile+CoreDataClass.swift */ = {isa = PBXFileReference; lastKnownFileType = sourcecode.swift; path = "TaskFile+CoreDataClass.swift"; sourceTree = "<group>"; };
		3607F5552B135904009B5D1D /* SuperDoer.xcdatamodel */ = {isa = PBXFileReference; lastKnownFileType = wrapper.xcdatamodel; path = SuperDoer.xcdatamodel; sourceTree = "<group>"; };
		360D6C5B2A8BC3350092EA5C /* FileButtonCell.swift */ = {isa = PBXFileReference; lastKnownFileType = sourcecode.swift; path = FileButtonCell.swift; sourceTree = "<group>"; };
		360DCA742B08D368005BA4CC /* EntityManager.swift */ = {isa = PBXFileReference; lastKnownFileType = sourcecode.swift; path = EntityManager.swift; sourceTree = "<group>"; };
		361C9C712B8255FB0002155C /* TaskDetailViewModel.swift */ = {isa = PBXFileReference; lastKnownFileType = sourcecode.swift; path = TaskDetailViewModel.swift; sourceTree = "<group>"; };
		361C9C742B8259D40002155C /* Box.swift */ = {isa = PBXFileReference; lastKnownFileType = sourcecode.swift; path = Box.swift; sourceTree = "<group>"; };
		361D85A92B88A2BD00406A6B /* DeletableItemViewModelType.swift */ = {isa = PBXFileReference; lastKnownFileType = sourcecode.swift; path = DeletableItemViewModelType.swift; sourceTree = "<group>"; };
		361DD8F42B08D5B8009A0AEE /* TaskEntityManager.swift */ = {isa = PBXFileReference; lastKnownFileType = sourcecode.swift; path = TaskEntityManager.swift; sourceTree = "<group>"; };
		361DD8FA2B08DE5C009A0AEE /* Task+CoreDataClass.swift */ = {isa = PBXFileReference; lastKnownFileType = sourcecode.swift; path = "Task+CoreDataClass.swift"; sourceTree = "<group>"; };
		361F20D02B11EB4600CD4A90 /* TaskSectionEntityManager.swift */ = {isa = PBXFileReference; lastKnownFileType = sourcecode.swift; path = TaskSectionEntityManager.swift; sourceTree = "<group>"; };
		362568FB2B8519B300CFC5E4 /* AddSectionPanelTextField.swift */ = {isa = PBXFileReference; lastKnownFileType = sourcecode.swift; path = AddSectionPanelTextField.swift; sourceTree = "<group>"; };
		362568FE2B851AC400CFC5E4 /* CreateTaskBottomPanelView.swift */ = {isa = PBXFileReference; lastKnownFileType = sourcecode.swift; path = CreateTaskBottomPanelView.swift; sourceTree = "<group>"; };
		362569002B851FDE00CFC5E4 /* CreateTaskPanelTextField.swift */ = {isa = PBXFileReference; lastKnownFileType = sourcecode.swift; path = CreateTaskPanelTextField.swift; sourceTree = "<group>"; };
		362AA8B92B0F69EF0042A17C /* TaskFileEntityManager.swift */ = {isa = PBXFileReference; lastKnownFileType = sourcecode.swift; path = TaskFileEntityManager.swift; sourceTree = "<group>"; };
		362D15002A86249000ADE1A8 /* .gitignore */ = {isa = PBXFileReference; lastKnownFileType = text; path = .gitignore; sourceTree = "<group>"; };
		362D15022A862C2700ADE1A8 /* TaskDetailTableView.swift */ = {isa = PBXFileReference; lastKnownFileType = sourcecode.swift; path = TaskDetailTableView.swift; sourceTree = "<group>"; };
		362D15052A8632D600ADE1A8 /* TaskDetailLabelsButtonCell.swift */ = {isa = PBXFileReference; lastKnownFileType = sourcecode.swift; path = TaskDetailLabelsButtonCell.swift; sourceTree = "<group>"; };
		3630CB812B1B436D00E65115 /* TaskSectionCustom+CoreDataClass.swift */ = {isa = PBXFileReference; fileEncoding = 4; lastKnownFileType = sourcecode.swift; path = "TaskSectionCustom+CoreDataClass.swift"; sourceTree = "<group>"; };
		3630CB832B1B455100E65115 /* TaskSectionSystem.swift */ = {isa = PBXFileReference; lastKnownFileType = sourcecode.swift; path = TaskSectionSystem.swift; sourceTree = "<group>"; };
		3630CB852B1B467400E65115 /* TaskSectionProtocol.swift */ = {isa = PBXFileReference; lastKnownFileType = sourcecode.swift; path = TaskSectionProtocol.swift; sourceTree = "<group>"; };
		3642379C2BA4A89F00E3AE76 /* TaskRepeatPeriodVariantsCoordinator.swift */ = {isa = PBXFileReference; lastKnownFileType = sourcecode.swift; path = TaskRepeatPeriodVariantsCoordinator.swift; sourceTree = "<group>"; };
		3642379F2BA4B1C600E3AE76 /* TaskRepeatPeriodCusomCoordinator.swift */ = {isa = PBXFileReference; lastKnownFileType = sourcecode.swift; path = TaskRepeatPeriodCusomCoordinator.swift; sourceTree = "<group>"; };
		3642C0372A8CAEF00000A078 /* DescriptionButtonCell.swift */ = {isa = PBXFileReference; lastKnownFileType = sourcecode.swift; path = DescriptionButtonCell.swift; sourceTree = "<group>"; };
		3645DD6E2B8DD8D8009CB533 /* TaskRepeatPeriodTableVariantsViewModel.swift */ = {isa = PBXFileReference; lastKnownFileType = sourcecode.swift; path = TaskRepeatPeriodTableVariantsViewModel.swift; sourceTree = "<group>"; };
		3645DD702B8DD981009CB533 /* DateVariantCellViewModel.swift */ = {isa = PBXFileReference; lastKnownFileType = sourcecode.swift; path = DateVariantCellViewModel.swift; sourceTree = "<group>"; };
		3645DD722B8DD9A9009CB533 /* CustomVariantCellViewModel.swift */ = {isa = PBXFileReference; lastKnownFileType = sourcecode.swift; path = CustomVariantCellViewModel.swift; sourceTree = "<group>"; };
		364CEAD72BA33F340012D0BF /* TaskDeadlineDateVariantsCoordinator.swift */ = {isa = PBXFileReference; lastKnownFileType = sourcecode.swift; path = TaskDeadlineDateVariantsCoordinator.swift; sourceTree = "<group>"; };
		364CEADA2BA34AFD0012D0BF /* TaskDeadlineDateCustomCoordinator.swift */ = {isa = PBXFileReference; lastKnownFileType = sourcecode.swift; path = TaskDeadlineDateCustomCoordinator.swift; sourceTree = "<group>"; };
		364E31302A7BC6DE004544D5 /* LargeTitleTableTextField.swift */ = {isa = PBXFileReference; lastKnownFileType = sourcecode.swift; path = LargeTitleTableTextField.swift; sourceTree = "<group>"; };
		364E31332A7BEB8C004544D5 /* TasksListTableView.swift */ = {isa = PBXFileReference; lastKnownFileType = sourcecode.swift; path = TasksListTableView.swift; sourceTree = "<group>"; };
		364E7E882B91E63F00C7A2AC /* TaskRepeatPeriodRowViewModelType.swift */ = {isa = PBXFileReference; lastKnownFileType = sourcecode.swift; path = TaskRepeatPeriodRowViewModelType.swift; sourceTree = "<group>"; };
		364E7E8A2B91E67A00C7A2AC /* TaskRepeatPeriodAmountRowViewModel.swift */ = {isa = PBXFileReference; lastKnownFileType = sourcecode.swift; path = TaskRepeatPeriodAmountRowViewModel.swift; sourceTree = "<group>"; };
		364E7E8C2B91E69A00C7A2AC /* TaskRepeatPeriodTypeRowViewModel.swift */ = {isa = PBXFileReference; lastKnownFileType = sourcecode.swift; path = TaskRepeatPeriodTypeRowViewModel.swift; sourceTree = "<group>"; };
		36546CC42BAD6C5C00E98631 /* README.md */ = {isa = PBXFileReference; lastKnownFileType = net.daringfireball.markdown; path = README.md; sourceTree = "<group>"; };
		36587FCC2BA5B2D300463296 /* TaskDescriptionEditorCoordinator.swift */ = {isa = PBXFileReference; lastKnownFileType = sourcecode.swift; path = TaskDescriptionEditorCoordinator.swift; sourceTree = "<group>"; };
		36587FD12BA5DE7000463296 /* AddFileToTaskSourceAlertCoordinator.swift */ = {isa = PBXFileReference; lastKnownFileType = sourcecode.swift; path = AddFileToTaskSourceAlertCoordinator.swift; sourceTree = "<group>"; };
		36587FD32BA5FB5F00463296 /* AddFileToTaskFromLibraryCoordinator.swift */ = {isa = PBXFileReference; lastKnownFileType = sourcecode.swift; path = AddFileToTaskFromLibraryCoordinator.swift; sourceTree = "<group>"; };
		36587FDC2BA614E900463296 /* AddFileToTaskFromFilesCoordinator.swift */ = {isa = PBXFileReference; lastKnownFileType = sourcecode.swift; path = AddFileToTaskFromFilesCoordinator.swift; sourceTree = "<group>"; };
		36612C002B88E9BD00AFE168 /* TaskSectionCustom+CoreDataProperties.swift */ = {isa = PBXFileReference; lastKnownFileType = sourcecode.swift; path = "TaskSectionCustom+CoreDataProperties.swift"; sourceTree = "<group>"; };
		36626DA42B1CBB5700F17CE4 /* TaskSectionCustomListTableViewCellViewModel.swift */ = {isa = PBXFileReference; lastKnownFileType = sourcecode.swift; path = TaskSectionCustomListTableViewCellViewModel.swift; sourceTree = "<group>"; };
		36626DA62B1CBFF200F17CE4 /* TaskSectionListTableViewCellViewModelType.swift */ = {isa = PBXFileReference; lastKnownFileType = sourcecode.swift; path = TaskSectionListTableViewCellViewModelType.swift; sourceTree = "<group>"; };
		36626DA82B1CC16300F17CE4 /* TaskSectionSystemListTableViewCellViewModel.swift */ = {isa = PBXFileReference; lastKnownFileType = sourcecode.swift; path = TaskSectionSystemListTableViewCellViewModel.swift; sourceTree = "<group>"; };
		366466392B124FCF00371DE3 /* TaskSectionsSeparator.swift */ = {isa = PBXFileReference; lastKnownFileType = sourcecode.swift; path = TaskSectionsSeparator.swift; sourceTree = "<group>"; };
		366708B12BA0A88200FC160F /* TaskListInSectionCoordinator.swift */ = {isa = PBXFileReference; lastKnownFileType = sourcecode.swift; path = TaskListInSectionCoordinator.swift; sourceTree = "<group>"; };
		366708B42BA0ADB800FC160F /* TaskDetailCoordinator.swift */ = {isa = PBXFileReference; lastKnownFileType = sourcecode.swift; path = TaskDetailCoordinator.swift; sourceTree = "<group>"; };
		366A97C82BA31B1800ADE7CC /* TaskReminderCustomDateCoordinator.swift */ = {isa = PBXFileReference; lastKnownFileType = sourcecode.swift; path = TaskReminderCustomDateCoordinator.swift; sourceTree = "<group>"; };
		366BC5C82A87820900D67230 /* TaskDetailBaseButtonCell.swift */ = {isa = PBXFileReference; lastKnownFileType = sourcecode.swift; path = TaskDetailBaseButtonCell.swift; sourceTree = "<group>"; };
		366BC5CA2A87A56D00D67230 /* AddSubtaskButtonCell.swift */ = {isa = PBXFileReference; lastKnownFileType = sourcecode.swift; path = AddSubtaskButtonCell.swift; sourceTree = "<group>"; };
		366BC5CC2A891F9E00D67230 /* AddToMyDayButtonCell.swift */ = {isa = PBXFileReference; lastKnownFileType = sourcecode.swift; path = AddToMyDayButtonCell.swift; sourceTree = "<group>"; };
		366BC5CE2A89264200D67230 /* ReminderDateButtonCell.swift */ = {isa = PBXFileReference; lastKnownFileType = sourcecode.swift; path = ReminderDateButtonCell.swift; sourceTree = "<group>"; };
		366BC5D02A893E6300D67230 /* DeadlineDateButtonCell.swift */ = {isa = PBXFileReference; lastKnownFileType = sourcecode.swift; path = DeadlineDateButtonCell.swift; sourceTree = "<group>"; };
		366BC5D22A89425100D67230 /* RepeatPeriodButtonCell.swift */ = {isa = PBXFileReference; lastKnownFileType = sourcecode.swift; path = RepeatPeriodButtonCell.swift; sourceTree = "<group>"; };
		366BC5D42A8944A000D67230 /* AddFileButtonCell.swift */ = {isa = PBXFileReference; lastKnownFileType = sourcecode.swift; path = AddFileButtonCell.swift; sourceTree = "<group>"; };
		366C8A112B8DE2D700465963 /* TaskRepeatPeriodVariantCellViewModel.swift */ = {isa = PBXFileReference; lastKnownFileType = sourcecode.swift; path = TaskRepeatPeriodVariantCellViewModel.swift; sourceTree = "<group>"; };
		366C8A132B8E353600465963 /* CustomTaskRepeatPeriodSetterViewController.swift */ = {isa = PBXFileReference; lastKnownFileType = sourcecode.swift; path = CustomTaskRepeatPeriodSetterViewController.swift; sourceTree = "<group>"; };
		366C8A162B8E363F00465963 /* CustomTaskRepeatPeriodSetterViewModel.swift */ = {isa = PBXFileReference; lastKnownFileType = sourcecode.swift; path = CustomTaskRepeatPeriodSetterViewModel.swift; sourceTree = "<group>"; };
		366D73B12B8881FE00118262 /* TaskSectionListViewModelType.swift */ = {isa = PBXFileReference; fileEncoding = 4; lastKnownFileType = sourcecode.swift; path = TaskSectionListViewModelType.swift; sourceTree = "<group>"; };
		36714F792A8FA74A001043C3 /* UIDynamicLabel.swift */ = {isa = PBXFileReference; lastKnownFileType = sourcecode.swift; path = UIDynamicLabel.swift; sourceTree = "<group>"; };
		3676D7672BA03E7100F695A1 /* DIContainer.swift */ = {isa = PBXFileReference; lastKnownFileType = sourcecode.swift; path = DIContainer.swift; sourceTree = "<group>"; };
		367E36D42A96463D003E7C1D /* DeleteAlertController.swift */ = {isa = PBXFileReference; lastKnownFileType = sourcecode.swift; path = DeleteAlertController.swift; sourceTree = "<group>"; };
		367E36D92A98A62C003E7C1D /* AddFileSourceAlertController.swift */ = {isa = PBXFileReference; lastKnownFileType = sourcecode.swift; path = AddFileSourceAlertController.swift; sourceTree = "<group>"; };
		367F30522AA7505200545F60 /* VariantsTableView.swift */ = {isa = PBXFileReference; lastKnownFileType = sourcecode.swift; path = VariantsTableView.swift; sourceTree = "<group>"; };
		367F30552AA7522500545F60 /* VariantTableViewCell.swift */ = {isa = PBXFileReference; lastKnownFileType = sourcecode.swift; path = VariantTableViewCell.swift; sourceTree = "<group>"; };
		368FD04F2C1EECBE003B75AA /* NotificationsService.swift */ = {isa = PBXFileReference; lastKnownFileType = sourcecode.swift; path = NotificationsService.swift; sourceTree = "<group>"; };
		368FEC692A86B2E90001A5D3 /* StandartTaskTableViewCell.swift */ = {isa = PBXFileReference; lastKnownFileType = sourcecode.swift; path = StandartTaskTableViewCell.swift; sourceTree = "<group>"; };
		369DEB042BA2FD2900B6D93D /* NotificationsDisableAlertCoordinator.swift */ = {isa = PBXFileReference; lastKnownFileType = sourcecode.swift; path = NotificationsDisableAlertCoordinator.swift; sourceTree = "<group>"; };
		369E7A1E2B18FD4E00CBA138 /* TaskSectionListViewModel.swift */ = {isa = PBXFileReference; lastKnownFileType = sourcecode.swift; path = TaskSectionListViewModel.swift; sourceTree = "<group>"; };
		36A0501B2A500A87006F61D4 /* SuperDoer.app */ = {isa = PBXFileReference; explicitFileType = wrapper.application; includeInIndex = 0; path = SuperDoer.app; sourceTree = BUILT_PRODUCTS_DIR; };
		36A0501E2A500A87006F61D4 /* AppDelegate.swift */ = {isa = PBXFileReference; lastKnownFileType = sourcecode.swift; path = AppDelegate.swift; sourceTree = "<group>"; };
		36A050202A500A87006F61D4 /* SceneDelegate.swift */ = {isa = PBXFileReference; lastKnownFileType = sourcecode.swift; path = SceneDelegate.swift; sourceTree = "<group>"; };
		36A050222A500A87006F61D4 /* TaskSectionsListViewController.swift */ = {isa = PBXFileReference; lastKnownFileType = sourcecode.swift; path = TaskSectionsListViewController.swift; sourceTree = "<group>"; };
		36A0502A2A500A89006F61D4 /* Images.xcassets */ = {isa = PBXFileReference; lastKnownFileType = folder.assetcatalog; path = Images.xcassets; sourceTree = "<group>"; };
		36A0502D2A500A89006F61D4 /* Base */ = {isa = PBXFileReference; lastKnownFileType = file.storyboard; name = Base; path = Base.lproj/LaunchScreen.storyboard; sourceTree = "<group>"; };
		36A0502F2A500A89006F61D4 /* Info.plist */ = {isa = PBXFileReference; lastKnownFileType = text.plist.xml; path = Info.plist; sourceTree = "<group>"; };
		36A050382A504E21006F61D4 /* TaskListInSectionViewController.swift */ = {isa = PBXFileReference; lastKnownFileType = sourcecode.swift; path = TaskListInSectionViewController.swift; sourceTree = "<group>"; };
		36A0503A2A504E4B006F61D4 /* TaskDetailViewController.swift */ = {isa = PBXFileReference; lastKnownFileType = sourcecode.swift; path = TaskDetailViewController.swift; sourceTree = "<group>"; };
		36A315472BA9820B005EE14D /* DeleteItemCoordinator.swift */ = {isa = PBXFileReference; lastKnownFileType = sourcecode.swift; path = DeleteItemCoordinator.swift; sourceTree = "<group>"; };
		36A64EDE2B17789800E586D4 /* TaskDataCellViewModels.swift */ = {isa = PBXFileReference; lastKnownFileType = sourcecode.swift; path = TaskDataCellViewModels.swift; sourceTree = "<group>"; };
		36A7B5A02B20ADCD00F1E952 /* TaskListInSectionViewModel.swift */ = {isa = PBXFileReference; lastKnownFileType = sourcecode.swift; path = TaskListInSectionViewModel.swift; sourceTree = "<group>"; };
		36A7B5A22B20AE2F00F1E952 /* TaskListInSectionViewModelType.swift */ = {isa = PBXFileReference; lastKnownFileType = sourcecode.swift; path = TaskListInSectionViewModelType.swift; sourceTree = "<group>"; };
		36A7B5A42B20B34300F1E952 /* TaskInSectionTableViewCellViewModel.swift */ = {isa = PBXFileReference; lastKnownFileType = sourcecode.swift; path = TaskInSectionTableViewCellViewModel.swift; sourceTree = "<group>"; };
		36A7B5A62B20B36400F1E952 /* TaskInSectionTableViewCellViewModelType.swift */ = {isa = PBXFileReference; lastKnownFileType = sourcecode.swift; path = TaskInSectionTableViewCellViewModelType.swift; sourceTree = "<group>"; };
		36B80B422A6BA4B600E33F29 /* CheckboxButton.swift */ = {isa = PBXFileReference; lastKnownFileType = sourcecode.swift; path = CheckboxButton.swift; sourceTree = "<group>"; };
		36B80B472A6BA67E00E33F29 /* InterfaceColors.swift */ = {isa = PBXFileReference; lastKnownFileType = sourcecode.swift; path = InterfaceColors.swift; sourceTree = "<group>"; };
		36B80B492A6BABED00E33F29 /* Extensions.swift */ = {isa = PBXFileReference; lastKnownFileType = sourcecode.swift; path = Extensions.swift; sourceTree = "<group>"; };
		36B80B4B2A6BC7BC00E33F29 /* ru */ = {isa = PBXFileReference; lastKnownFileType = text.plist.strings; name = ru; path = ru.lproj/LaunchScreen.strings; sourceTree = "<group>"; };
		36CA12C02B8C6188005E1FCD /* TaskDeadlineDateCustomViewModel.swift */ = {isa = PBXFileReference; lastKnownFileType = sourcecode.swift; path = TaskDeadlineDateCustomViewModel.swift; sourceTree = "<group>"; };
		36CA12C22B8C6212005E1FCD /* CustomDateSetterViewModelType.swift */ = {isa = PBXFileReference; lastKnownFileType = sourcecode.swift; path = CustomDateSetterViewModelType.swift; sourceTree = "<group>"; };
		36CA12C62B8C95FF005E1FCD /* TaskReminderCustomDateViewModel.swift */ = {isa = PBXFileReference; lastKnownFileType = sourcecode.swift; path = TaskReminderCustomDateViewModel.swift; sourceTree = "<group>"; };
		36CBA1022A9202BC000C78FB /* NotificationsDisabledAlertController.swift */ = {isa = PBXFileReference; lastKnownFileType = sourcecode.swift; path = NotificationsDisabledAlertController.swift; sourceTree = "<group>"; };
		36CD03F02B136FDD00C45298 /* SystemSectionsBuilder.swift */ = {isa = PBXFileReference; lastKnownFileType = sourcecode.swift; path = SystemSectionsBuilder.swift; sourceTree = "<group>"; };
		36CD03F22B13772C00C45298 /* TaskSectionsTableView.swift */ = {isa = PBXFileReference; lastKnownFileType = sourcecode.swift; path = TaskSectionsTableView.swift; sourceTree = "<group>"; };
		36CD03F42B13782A00C45298 /* TaskSectionTableViewCell.swift */ = {isa = PBXFileReference; lastKnownFileType = sourcecode.swift; path = TaskSectionTableViewCell.swift; sourceTree = "<group>"; };
		36CD03F72B13A5E500C45298 /* CustomDateSetterViewController.swift */ = {isa = PBXFileReference; lastKnownFileType = sourcecode.swift; path = CustomDateSetterViewController.swift; sourceTree = "<group>"; };
		36CF27772BA08ED300641752 /* AppCoordinator.swift */ = {isa = PBXFileReference; lastKnownFileType = sourcecode.swift; path = AppCoordinator.swift; sourceTree = "<group>"; };
		36CF27792BA08EE100641752 /* Coordinator.swift */ = {isa = PBXFileReference; lastKnownFileType = sourcecode.swift; path = Coordinator.swift; sourceTree = "<group>"; };
		36CF277B2BA090CA00641752 /* BaseCoordinator.swift */ = {isa = PBXFileReference; lastKnownFileType = sourcecode.swift; path = BaseCoordinator.swift; sourceTree = "<group>"; };
		36CF277E2BA0921B00641752 /* TaskSectionListCoordinator.swift */ = {isa = PBXFileReference; lastKnownFileType = sourcecode.swift; path = TaskSectionListCoordinator.swift; sourceTree = "<group>"; };
		36D0817C2BCC0DE40092E2D9 /* swiftgen.yml */ = {isa = PBXFileReference; fileEncoding = 4; lastKnownFileType = text.yaml; path = swiftgen.yml; sourceTree = SOURCE_ROOT; };
		36D4E7B42B8104A2007EFCB9 /* AddSectionBottomPanelView.swift */ = {isa = PBXFileReference; lastKnownFileType = sourcecode.swift; path = AddSectionBottomPanelView.swift; sourceTree = "<group>"; };
		36E917DF2A7005C200E3C41A /* StarButton.swift */ = {isa = PBXFileReference; lastKnownFileType = sourcecode.swift; path = StarButton.swift; sourceTree = "<group>"; };
		36EF18BF2B9338E10066D583 /* TaskDetailLabels2StatesButtonCell.swift */ = {isa = PBXFileReference; lastKnownFileType = sourcecode.swift; path = TaskDetailLabels2StatesButtonCell.swift; sourceTree = "<group>"; };
		36EF4D392A9E185900343393 /* TextEditorViewController.swift */ = {isa = PBXFileReference; lastKnownFileType = sourcecode.swift; path = TextEditorViewController.swift; sourceTree = "<group>"; };
		36F2B8202B8CD7FB006AE5D7 /* TextEditorViewModelType.swift */ = {isa = PBXFileReference; lastKnownFileType = sourcecode.swift; path = TextEditorViewModelType.swift; sourceTree = "<group>"; };
		36F2B8222B8CD82F006AE5D7 /* TaskDescriptionEditorViewModel.swift */ = {isa = PBXFileReference; lastKnownFileType = sourcecode.swift; path = TaskDescriptionEditorViewModel.swift; sourceTree = "<group>"; };
		36FB6DBA2BA42AFF0062FA4D /* ContainerNavigationController.swift */ = {isa = PBXFileReference; lastKnownFileType = sourcecode.swift; path = ContainerNavigationController.swift; sourceTree = "<group>"; };
		36FCF92C2B89E401002B2CB8 /* TableVariantsViewModelType.swift */ = {isa = PBXFileReference; lastKnownFileType = sourcecode.swift; path = TableVariantsViewModelType.swift; sourceTree = "<group>"; };
		36FCF92E2B89E581002B2CB8 /* TaskDeadlineTableVariantsViewModel.swift */ = {isa = PBXFileReference; lastKnownFileType = sourcecode.swift; path = TaskDeadlineTableVariantsViewModel.swift; sourceTree = "<group>"; };
		36FCF9312B8A0E20002B2CB8 /* BaseVariantCellViewModel.swift */ = {isa = PBXFileReference; lastKnownFileType = sourcecode.swift; path = BaseVariantCellViewModel.swift; sourceTree = "<group>"; };
		36FE0C582BA996E00083513C /* TaskDeletableViewModel.swift */ = {isa = PBXFileReference; lastKnownFileType = sourcecode.swift; path = TaskDeletableViewModel.swift; sourceTree = "<group>"; };
		36FE0C5A2BA997A60083513C /* BaseDeletableItemViewModel.swift */ = {isa = PBXFileReference; lastKnownFileType = sourcecode.swift; path = BaseDeletableItemViewModel.swift; sourceTree = "<group>"; };
		36FE0C5C2BA99A030083513C /* TaskFileDeletableViewModel.swift */ = {isa = PBXFileReference; lastKnownFileType = sourcecode.swift; path = TaskFileDeletableViewModel.swift; sourceTree = "<group>"; };
		36FE0C5E2BA9CC9C0083513C /* TaskSectionDeletableViewModel.swift */ = {isa = PBXFileReference; lastKnownFileType = sourcecode.swift; path = TaskSectionDeletableViewModel.swift; sourceTree = "<group>"; };
/* End PBXFileReference section */

/* Begin PBXFrameworksBuildPhase section */
		36A050182A500A87006F61D4 /* Frameworks */ = {
			isa = PBXFrameworksBuildPhase;
			buildActionMask = 2147483647;
			files = (
				366571742B96139100B9C6F7 /* Swinject in Frameworks */,
			);
			runOnlyForDeploymentPostprocessing = 0;
		};
/* End PBXFrameworksBuildPhase section */

/* Begin PBXGroup section */
		3600ACCA2AA0C3A80022506A /* UITextView */ = {
			isa = PBXGroup;
			children = (
				3600ACCB2AA0C3D70022506A /* UITaskTitleTextView.swift */,
			);
			path = UITextView;
			sourceTree = "<group>";
		};
		360DCA732B08D345005BA4CC /* EntityManager */ = {
			isa = PBXGroup;
			children = (
				360DCA742B08D368005BA4CC /* EntityManager.swift */,
				361DD8F42B08D5B8009A0AEE /* TaskEntityManager.swift */,
				362AA8B92B0F69EF0042A17C /* TaskFileEntityManager.swift */,
				361F20D02B11EB4600CD4A90 /* TaskSectionEntityManager.swift */,
			);
			path = EntityManager;
			sourceTree = "<group>";
		};
		361C9C732B8259BF0002155C /* DataBinding */ = {
			isa = PBXGroup;
			children = (
				361C9C742B8259D40002155C /* Box.swift */,
			);
			path = DataBinding;
			sourceTree = "<group>";
		};
		361D85A82B88A27400406A6B /* DeleteAlertController */ = {
			isa = PBXGroup;
			children = (
				367E36D42A96463D003E7C1D /* DeleteAlertController.swift */,
			);
			path = DeleteAlertController;
			sourceTree = "<group>";
		};
		362568F52B84E5BB00CFC5E4 /* CellViewModel */ = {
			isa = PBXGroup;
			children = (
				36626DA42B1CBB5700F17CE4 /* TaskSectionCustomListTableViewCellViewModel.swift */,
				36626DA82B1CC16300F17CE4 /* TaskSectionSystemListTableViewCellViewModel.swift */,
				36626DA62B1CBFF200F17CE4 /* TaskSectionListTableViewCellViewModelType.swift */,
			);
			path = CellViewModel;
			sourceTree = "<group>";
		};
		362568FA2B85198200CFC5E4 /* AddSectionBottomPanel */ = {
			isa = PBXGroup;
			children = (
				36D4E7B42B8104A2007EFCB9 /* AddSectionBottomPanelView.swift */,
				362568FB2B8519B300CFC5E4 /* AddSectionPanelTextField.swift */,
			);
			path = AddSectionBottomPanel;
			sourceTree = "<group>";
		};
		362568FD2B851A9100CFC5E4 /* CreateTaskBottomPanel */ = {
			isa = PBXGroup;
			children = (
				362568FE2B851AC400CFC5E4 /* CreateTaskBottomPanelView.swift */,
				362569002B851FDE00CFC5E4 /* CreateTaskPanelTextField.swift */,
			);
			path = CreateTaskBottomPanel;
			sourceTree = "<group>";
		};
		362D15042A86326E00ADE1A8 /* TaskDetailTableView */ = {
			isa = PBXGroup;
			children = (
				362D15022A862C2700ADE1A8 /* TaskDetailTableView.swift */,
				36612C022B89BD4E00AFE168 /* TableViewCell */,
			);
			path = TaskDetailTableView;
			sourceTree = "<group>";
		};
		3642379B2BA4A87B00E3AE76 /* TaskRepeatPeriodVariants */ = {
			isa = PBXGroup;
			children = (
				3642379C2BA4A89F00E3AE76 /* TaskRepeatPeriodVariantsCoordinator.swift */,
				3642379E2BA4B16700E3AE76 /* TaskRepeatPeriodCustom */,
			);
			path = TaskRepeatPeriodVariants;
			sourceTree = "<group>";
		};
		3642379E2BA4B16700E3AE76 /* TaskRepeatPeriodCustom */ = {
			isa = PBXGroup;
			children = (
				3642379F2BA4B1C600E3AE76 /* TaskRepeatPeriodCusomCoordinator.swift */,
			);
			path = TaskRepeatPeriodCustom;
			sourceTree = "<group>";
		};
		364CEAD62BA33F0E0012D0BF /* TaskDeadlineDateVariants */ = {
			isa = PBXGroup;
			children = (
				364CEAD72BA33F340012D0BF /* TaskDeadlineDateVariantsCoordinator.swift */,
				364CEAD92BA34A7C0012D0BF /* TaskDeadlineDateCustom */,
			);
			path = TaskDeadlineDateVariants;
			sourceTree = "<group>";
		};
		364CEAD92BA34A7C0012D0BF /* TaskDeadlineDateCustom */ = {
			isa = PBXGroup;
			children = (
				364CEADA2BA34AFD0012D0BF /* TaskDeadlineDateCustomCoordinator.swift */,
			);
			path = TaskDeadlineDateCustom;
			sourceTree = "<group>";
		};
		364E312F2A7BC6B8004544D5 /* TextField */ = {
			isa = PBXGroup;
			children = (
				364E31302A7BC6DE004544D5 /* LargeTitleTableTextField.swift */,
			);
			path = TextField;
			sourceTree = "<group>";
		};
		364E31322A7BEB7C004544D5 /* TableView */ = {
			isa = PBXGroup;
			children = (
				366466382B124FB600371DE3 /* TaskSectionsTableView */,
				368FEC682A86B2790001A5D3 /* TaskListTableView */,
				362D15042A86326E00ADE1A8 /* TaskDetailTableView */,
				367F30542AA751D100545F60 /* VariantsTableView */,
			);
			path = TableView;
			sourceTree = "<group>";
		};
		364E7E872B91E61900C7A2AC /* RowViewModel */ = {
			isa = PBXGroup;
			children = (
				364E7E882B91E63F00C7A2AC /* TaskRepeatPeriodRowViewModelType.swift */,
				364E7E8A2B91E67A00C7A2AC /* TaskRepeatPeriodAmountRowViewModel.swift */,
				364E7E8C2B91E69A00C7A2AC /* TaskRepeatPeriodTypeRowViewModel.swift */,
			);
			path = RowViewModel;
			sourceTree = "<group>";
		};
		36587FC92BA5B18A00463296 /* TaskSectionsList */ = {
			isa = PBXGroup;
			children = (
				36A050222A500A87006F61D4 /* TaskSectionsListViewController.swift */,
			);
			path = TaskSectionsList;
			sourceTree = "<group>";
		};
		36587FCA2BA5B19700463296 /* TaskListInSection */ = {
			isa = PBXGroup;
			children = (
				36A050382A504E21006F61D4 /* TaskListInSectionViewController.swift */,
			);
			path = TaskListInSection;
			sourceTree = "<group>";
		};
		36587FCB2BA5B1A500463296 /* TaskDetail */ = {
			isa = PBXGroup;
			children = (
				36A0503A2A504E4B006F61D4 /* TaskDetailViewController.swift */,
			);
			path = TaskDetail;
			sourceTree = "<group>";
		};
		36587FD02BA5DE2000463296 /* AddFileToTask */ = {
			isa = PBXGroup;
			children = (
				36587FD12BA5DE7000463296 /* AddFileToTaskSourceAlertCoordinator.swift */,
				36587FD32BA5FB5F00463296 /* AddFileToTaskFromLibraryCoordinator.swift */,
				36587FDC2BA614E900463296 /* AddFileToTaskFromFilesCoordinator.swift */,
			);
			path = AddFileToTask;
			sourceTree = "<group>";
		};
		365FABF12B99C2DD0075E038 /* Resources */ = {
			isa = PBXGroup;
			children = (
				36D0817C2BCC0DE40092E2D9 /* swiftgen.yml */,
				36A0502C2A500A89006F61D4 /* LaunchScreen.storyboard */,
				36A0502A2A500A89006F61D4 /* Images.xcassets */,
				36A0502F2A500A89006F61D4 /* Info.plist */,
			);
			path = Resources;
			sourceTree = "<group>";
		};
		36612C022B89BD4E00AFE168 /* TableViewCell */ = {
			isa = PBXGroup;
			children = (
				366BC5C82A87820900D67230 /* TaskDetailBaseButtonCell.swift */,
				362D15052A8632D600ADE1A8 /* TaskDetailLabelsButtonCell.swift */,
				36EF18BF2B9338E10066D583 /* TaskDetailLabels2StatesButtonCell.swift */,
				366BC5CA2A87A56D00D67230 /* AddSubtaskButtonCell.swift */,
				366BC5CC2A891F9E00D67230 /* AddToMyDayButtonCell.swift */,
				366BC5CE2A89264200D67230 /* ReminderDateButtonCell.swift */,
				366BC5D02A893E6300D67230 /* DeadlineDateButtonCell.swift */,
				366BC5D22A89425100D67230 /* RepeatPeriodButtonCell.swift */,
				366BC5D42A8944A000D67230 /* AddFileButtonCell.swift */,
				360D6C5B2A8BC3350092EA5C /* FileButtonCell.swift */,
				3642C0372A8CAEF00000A078 /* DescriptionButtonCell.swift */,
			);
			path = TableViewCell;
			sourceTree = "<group>";
		};
		366466382B124FB600371DE3 /* TaskSectionsTableView */ = {
			isa = PBXGroup;
			children = (
				36CD03F22B13772C00C45298 /* TaskSectionsTableView.swift */,
				36CD03F42B13782A00C45298 /* TaskSectionTableViewCell.swift */,
				366466392B124FCF00371DE3 /* TaskSectionsSeparator.swift */,
			);
			path = TaskSectionsTableView;
			sourceTree = "<group>";
		};
		366571712B96102C00B9C6F7 /* Frameworks */ = {
			isa = PBXGroup;
			children = (
			);
			name = Frameworks;
			sourceTree = "<group>";
		};
		366708B02BA0A86A00FC160F /* TaskListInSection */ = {
			isa = PBXGroup;
			children = (
				366708B12BA0A88200FC160F /* TaskListInSectionCoordinator.swift */,
				366708B32BA0ADA700FC160F /* TaskDetail */,
			);
			path = TaskListInSection;
			sourceTree = "<group>";
		};
		366708B32BA0ADA700FC160F /* TaskDetail */ = {
			isa = PBXGroup;
			children = (
				366708B42BA0ADB800FC160F /* TaskDetailCoordinator.swift */,
				369DEB032BA2FCFA00B6D93D /* NotificationsDisabledAlert */,
				366A97C72BA31AE500ADE7CC /* TaskReminderCustomDate */,
				364CEAD62BA33F0E0012D0BF /* TaskDeadlineDateVariants */,
				3642379B2BA4A87B00E3AE76 /* TaskRepeatPeriodVariants */,
				36587FD02BA5DE2000463296 /* AddFileToTask */,
				369DEB022BA2FA5500B6D93D /* TaskDescriptionEditor */,
			);
			path = TaskDetail;
			sourceTree = "<group>";
		};
		366A97C72BA31AE500ADE7CC /* TaskReminderCustomDate */ = {
			isa = PBXGroup;
			children = (
				366A97C82BA31B1800ADE7CC /* TaskReminderCustomDateCoordinator.swift */,
			);
			path = TaskReminderCustomDate;
			sourceTree = "<group>";
		};
		366C8A152B8E35CB00465963 /* CustomTaskRepeatPeriodSetter */ = {
			isa = PBXGroup;
			children = (
				366C8A162B8E363F00465963 /* CustomTaskRepeatPeriodSetterViewModel.swift */,
				364E7E872B91E61900C7A2AC /* RowViewModel */,
			);
			path = CustomTaskRepeatPeriodSetter;
			sourceTree = "<group>";
		};
		36714F782A8FA723001043C3 /* UILabel */ = {
			isa = PBXGroup;
			children = (
				36714F792A8FA74A001043C3 /* UIDynamicLabel.swift */,
			);
			path = UILabel;
			sourceTree = "<group>";
		};
		3676D7662BA03E5C00F695A1 /* DependencyInjection */ = {
			isa = PBXGroup;
			children = (
				3676D7672BA03E7100F695A1 /* DIContainer.swift */,
			);
			path = DependencyInjection;
			sourceTree = "<group>";
		};
		367F30542AA751D100545F60 /* VariantsTableView */ = {
			isa = PBXGroup;
			children = (
				367F30522AA7505200545F60 /* VariantsTableView.swift */,
				367F30552AA7522500545F60 /* VariantTableViewCell.swift */,
			);
			path = VariantsTableView;
			sourceTree = "<group>";
		};
		368FD04E2C1EECAC003B75AA /* Notifications */ = {
			isa = PBXGroup;
			children = (
				368FD04F2C1EECBE003B75AA /* NotificationsService.swift */,
			);
			path = Notifications;
			sourceTree = "<group>";
		};
		368FEC682A86B2790001A5D3 /* TaskListTableView */ = {
			isa = PBXGroup;
			children = (
				364E31332A7BEB8C004544D5 /* TasksListTableView.swift */,
				368FEC692A86B2E90001A5D3 /* StandartTaskTableViewCell.swift */,
			);
			path = TaskListTableView;
			sourceTree = "<group>";
		};
		369DEB022BA2FA5500B6D93D /* TaskDescriptionEditor */ = {
			isa = PBXGroup;
			children = (
				36587FCC2BA5B2D300463296 /* TaskDescriptionEditorCoordinator.swift */,
			);
			path = TaskDescriptionEditor;
			sourceTree = "<group>";
		};
		369DEB032BA2FCFA00B6D93D /* NotificationsDisabledAlert */ = {
			isa = PBXGroup;
			children = (
				369DEB042BA2FD2900B6D93D /* NotificationsDisableAlertCoordinator.swift */,
			);
			path = NotificationsDisabledAlert;
			sourceTree = "<group>";
		};
		369E7A1B2B18FC3000CBA138 /* Extensions */ = {
			isa = PBXGroup;
			children = (
				36B80B492A6BABED00E33F29 /* Extensions.swift */,
			);
			path = Extensions;
			sourceTree = "<group>";
		};
		369E7A232B18FDEA00CBA138 /* TaskSectionsList */ = {
			isa = PBXGroup;
			children = (
				369E7A1E2B18FD4E00CBA138 /* TaskSectionListViewModel.swift */,
				366D73B12B8881FE00118262 /* TaskSectionListViewModelType.swift */,
				362568F52B84E5BB00CFC5E4 /* CellViewModel */,
			);
			path = TaskSectionsList;
			sourceTree = "<group>";
		};
		36A050122A500A87006F61D4 = {
			isa = PBXGroup;
			children = (
				36546CC42BAD6C5C00E98631 /* README.md */,
				362D15002A86249000ADE1A8 /* .gitignore */,
				36A0501D2A500A87006F61D4 /* SuperDoer */,
				36A0501C2A500A87006F61D4 /* Products */,
				366571712B96102C00B9C6F7 /* Frameworks */,
			);
			sourceTree = "<group>";
		};
		36A0501C2A500A87006F61D4 /* Products */ = {
			isa = PBXGroup;
			children = (
				36A0501B2A500A87006F61D4 /* SuperDoer.app */,
			);
			name = Products;
			sourceTree = "<group>";
		};
		36A0501D2A500A87006F61D4 /* SuperDoer */ = {
			isa = PBXGroup;
			children = (
				36A050352A50427B006F61D4 /* Application */,
				36CF27762BA0817500641752 /* Coordinator */,
				36A050362A504289006F61D4 /* ViewController */,
				36CB90302B17D2CD00E897F4 /* View */,
				36FCF92A2B89E31F002B2CB8 /* ViewModel */,
				36A0503C2A504E51006F61D4 /* Model */,
				36A64EDA2B1774EC00E586D4 /* Services */,
				36A050372A5042DB006F61D4 /* Supporting */,
				365FABF12B99C2DD0075E038 /* Resources */,
			);
			path = SuperDoer;
			sourceTree = "<group>";
		};
		36A050352A50427B006F61D4 /* Application */ = {
			isa = PBXGroup;
			children = (
				369E7A1B2B18FC3000CBA138 /* Extensions */,
				36A0501E2A500A87006F61D4 /* AppDelegate.swift */,
				36A050202A500A87006F61D4 /* SceneDelegate.swift */,
			);
			path = Application;
			sourceTree = "<group>";
		};
		36A050362A504289006F61D4 /* ViewController */ = {
			isa = PBXGroup;
			children = (
				36587FC92BA5B18A00463296 /* TaskSectionsList */,
				36587FCA2BA5B19700463296 /* TaskListInSection */,
				36587FCB2BA5B1A500463296 /* TaskDetail */,
				36FB6DB92BA42AC40062FA4D /* ContainerNavigationController */,
				36FCF9282B89DEB0002B2CB8 /* TableVariants */,
				36FCF9292B89DEE5002B2CB8 /* CustomValueSetter */,
				36CBA1012A920291000C78FB /* AlertController */,
				36F2B81E2B8CD79B006AE5D7 /* TextEditor */,
			);
			path = ViewController;
			sourceTree = "<group>";
		};
		36A050372A5042DB006F61D4 /* Supporting */ = {
			isa = PBXGroup;
			children = (
				3600ACCD2AA0E3DC0022506A /* PIXEL_PERFECT_screen.swift */,
			);
			path = Supporting;
			sourceTree = "<group>";
		};
		36A0503C2A504E51006F61D4 /* Model */ = {
			isa = PBXGroup;
			children = (
				3607F5542B135904009B5D1D /* SuperDoer.xcdatamodeld */,
				360DCA732B08D345005BA4CC /* EntityManager */,
				36E904BF2AFFD00C002CC44B /* Entities */,
				36CD03EF2B136FC000C45298 /* Support */,
			);
			path = Model;
			sourceTree = "<group>";
		};
		36A315452BA981D7005EE14D /* Common */ = {
			isa = PBXGroup;
			children = (
				36A315462BA981EC005EE14D /* DeleteItem */,
			);
			path = Common;
			sourceTree = "<group>";
		};
		36A315462BA981EC005EE14D /* DeleteItem */ = {
			isa = PBXGroup;
			children = (
				36A315472BA9820B005EE14D /* DeleteItemCoordinator.swift */,
			);
			path = DeleteItem;
			sourceTree = "<group>";
		};
		36A64EDA2B1774EC00E586D4 /* Services */ = {
			isa = PBXGroup;
			children = (
				368FD04E2C1EECAC003B75AA /* Notifications */,
				3676D7662BA03E5C00F695A1 /* DependencyInjection */,
				361C9C732B8259BF0002155C /* DataBinding */,
			);
			path = Services;
			sourceTree = "<group>";
		};
		36A7B59E2B20AD7700F1E952 /* TaskListInSection */ = {
			isa = PBXGroup;
			children = (
				36A7B5A02B20ADCD00F1E952 /* TaskListInSectionViewModel.swift */,
				36A7B5A22B20AE2F00F1E952 /* TaskListInSectionViewModelType.swift */,
				36A7B5A42B20B34300F1E952 /* TaskInSectionTableViewCellViewModel.swift */,
				36A7B5A62B20B36400F1E952 /* TaskInSectionTableViewCellViewModelType.swift */,
			);
			path = TaskListInSection;
			sourceTree = "<group>";
		};
		36B80B412A6BA48600E33F29 /* UIButton */ = {
			isa = PBXGroup;
			children = (
				36B80B422A6BA4B600E33F29 /* CheckboxButton.swift */,
				36E917DF2A7005C200E3C41A /* StarButton.swift */,
			);
			path = UIButton;
			sourceTree = "<group>";
		};
		36CA12BF2B8C60DA005E1FCD /* CustomDateSetter */ = {
			isa = PBXGroup;
			children = (
				36CA12C22B8C6212005E1FCD /* CustomDateSetterViewModelType.swift */,
				36CA12C02B8C6188005E1FCD /* TaskDeadlineDateCustomViewModel.swift */,
				36CA12C62B8C95FF005E1FCD /* TaskReminderCustomDateViewModel.swift */,
			);
			path = CustomDateSetter;
			sourceTree = "<group>";
		};
		36CA12C42B8C8FC4005E1FCD /* TaskDetail */ = {
			isa = PBXGroup;
			children = (
				361C9C712B8255FB0002155C /* TaskDetailViewModel.swift */,
				36EF18C12B93678B0066D583 /* CellViewModel */,
			);
			path = TaskDetail;
			sourceTree = "<group>";
		};
		36CB90302B17D2CD00E897F4 /* View */ = {
			isa = PBXGroup;
			children = (
				36D4E7B32B81047E007EFCB9 /* ComplexView */,
				364E31322A7BEB7C004544D5 /* TableView */,
				36714F782A8FA723001043C3 /* UILabel */,
				36B80B412A6BA48600E33F29 /* UIButton */,
				364E312F2A7BC6B8004544D5 /* TextField */,
				3600ACCA2AA0C3A80022506A /* UITextView */,
				36B80B472A6BA67E00E33F29 /* InterfaceColors.swift */,
			);
			path = View;
			sourceTree = "<group>";
		};
		36CBA1012A920291000C78FB /* AlertController */ = {
			isa = PBXGroup;
			children = (
				361D85A82B88A27400406A6B /* DeleteAlertController */,
				36CBA1022A9202BC000C78FB /* NotificationsDisabledAlertController.swift */,
				367E36D92A98A62C003E7C1D /* AddFileSourceAlertController.swift */,
			);
			path = AlertController;
			sourceTree = "<group>";
		};
		36CD03EF2B136FC000C45298 /* Support */ = {
			isa = PBXGroup;
			children = (
				36CD03F02B136FDD00C45298 /* SystemSectionsBuilder.swift */,
			);
			path = Support;
			sourceTree = "<group>";
		};
		36CF27762BA0817500641752 /* Coordinator */ = {
			isa = PBXGroup;
			children = (
				36CF27792BA08EE100641752 /* Coordinator.swift */,
				36CF277B2BA090CA00641752 /* BaseCoordinator.swift */,
				36CF27772BA08ED300641752 /* AppCoordinator.swift */,
				36CF277D2BA091F400641752 /* TaskSectionList */,
				36A315452BA981D7005EE14D /* Common */,
			);
			path = Coordinator;
			sourceTree = "<group>";
		};
		36CF277D2BA091F400641752 /* TaskSectionList */ = {
			isa = PBXGroup;
			children = (
				36CF277E2BA0921B00641752 /* TaskSectionListCoordinator.swift */,
				366708B02BA0A86A00FC160F /* TaskListInSection */,
			);
			path = TaskSectionList;
			sourceTree = "<group>";
		};
		36D4E7B32B81047E007EFCB9 /* ComplexView */ = {
			isa = PBXGroup;
			children = (
				362568FA2B85198200CFC5E4 /* AddSectionBottomPanel */,
				362568FD2B851A9100CFC5E4 /* CreateTaskBottomPanel */,
			);
			path = ComplexView;
			sourceTree = "<group>";
		};
		36E904BF2AFFD00C002CC44B /* Entities */ = {
			isa = PBXGroup;
			children = (
				3630CB852B1B467400E65115 /* TaskSectionProtocol.swift */,
				3630CB832B1B455100E65115 /* TaskSectionSystem.swift */,
				3630CB812B1B436D00E65115 /* TaskSectionCustom+CoreDataClass.swift */,
				36612C002B88E9BD00AFE168 /* TaskSectionCustom+CoreDataProperties.swift */,
				361DD8FA2B08DE5C009A0AEE /* Task+CoreDataClass.swift */,
				360784822B0E1D1700ED7BD6 /* TaskFile+CoreDataClass.swift */,
			);
			path = Entities;
			sourceTree = "<group>";
		};
		36EF18C12B93678B0066D583 /* CellViewModel */ = {
			isa = PBXGroup;
			children = (
				36A64EDE2B17789800E586D4 /* TaskDataCellViewModels.swift */,
			);
			path = CellViewModel;
			sourceTree = "<group>";
		};
		36F2B81E2B8CD79B006AE5D7 /* TextEditor */ = {
			isa = PBXGroup;
			children = (
				36EF4D392A9E185900343393 /* TextEditorViewController.swift */,
			);
			path = TextEditor;
			sourceTree = "<group>";
		};
		36F2B81F2B8CD7E2006AE5D7 /* TextEditor */ = {
			isa = PBXGroup;
			children = (
				36F2B8202B8CD7FB006AE5D7 /* TextEditorViewModelType.swift */,
				36F2B8222B8CD82F006AE5D7 /* TaskDescriptionEditorViewModel.swift */,
			);
			path = TextEditor;
			sourceTree = "<group>";
		};
		36FB6DB92BA42AC40062FA4D /* ContainerNavigationController */ = {
			isa = PBXGroup;
			children = (
				36FB6DBA2BA42AFF0062FA4D /* ContainerNavigationController.swift */,
			);
			path = ContainerNavigationController;
			sourceTree = "<group>";
		};
		36FCF9282B89DEB0002B2CB8 /* TableVariants */ = {
			isa = PBXGroup;
			children = (
				3600ACD22AA0F4C80022506A /* TableVariantsViewController.swift */,
			);
			path = TableVariants;
			sourceTree = "<group>";
		};
		36FCF9292B89DEE5002B2CB8 /* CustomValueSetter */ = {
			isa = PBXGroup;
			children = (
				36CD03F72B13A5E500C45298 /* CustomDateSetterViewController.swift */,
				366C8A132B8E353600465963 /* CustomTaskRepeatPeriodSetterViewController.swift */,
			);
			path = CustomValueSetter;
			sourceTree = "<group>";
		};
		36FCF92A2B89E31F002B2CB8 /* ViewModel */ = {
			isa = PBXGroup;
			children = (
				369E7A232B18FDEA00CBA138 /* TaskSectionsList */,
				36A7B59E2B20AD7700F1E952 /* TaskListInSection */,
				36CA12C42B8C8FC4005E1FCD /* TaskDetail */,
				36FCF92B2B89E3C2002B2CB8 /* TableVariants */,
				36CA12BF2B8C60DA005E1FCD /* CustomDateSetter */,
				366C8A152B8E35CB00465963 /* CustomTaskRepeatPeriodSetter */,
				36F2B81F2B8CD7E2006AE5D7 /* TextEditor */,
				36FE0C572BA993FB0083513C /* DeletableItem */,
			);
			path = ViewModel;
			sourceTree = "<group>";
		};
		36FCF92B2B89E3C2002B2CB8 /* TableVariants */ = {
			isa = PBXGroup;
			children = (
				36FCF92C2B89E401002B2CB8 /* TableVariantsViewModelType.swift */,
				36FCF92E2B89E581002B2CB8 /* TaskDeadlineTableVariantsViewModel.swift */,
				3645DD6E2B8DD8D8009CB533 /* TaskRepeatPeriodTableVariantsViewModel.swift */,
				36FCF9302B8A0E0C002B2CB8 /* CellViewModel */,
			);
			path = TableVariants;
			sourceTree = "<group>";
		};
		36FCF9302B8A0E0C002B2CB8 /* CellViewModel */ = {
			isa = PBXGroup;
			children = (
				36FCF9312B8A0E20002B2CB8 /* BaseVariantCellViewModel.swift */,
				3645DD702B8DD981009CB533 /* DateVariantCellViewModel.swift */,
				366C8A112B8DE2D700465963 /* TaskRepeatPeriodVariantCellViewModel.swift */,
				3645DD722B8DD9A9009CB533 /* CustomVariantCellViewModel.swift */,
			);
			path = CellViewModel;
			sourceTree = "<group>";
		};
		36FE0C572BA993FB0083513C /* DeletableItem */ = {
			isa = PBXGroup;
			children = (
				361D85A92B88A2BD00406A6B /* DeletableItemViewModelType.swift */,
				36FE0C5A2BA997A60083513C /* BaseDeletableItemViewModel.swift */,
				36FE0C582BA996E00083513C /* TaskDeletableViewModel.swift */,
				36FE0C5C2BA99A030083513C /* TaskFileDeletableViewModel.swift */,
				36FE0C5E2BA9CC9C0083513C /* TaskSectionDeletableViewModel.swift */,
			);
			path = DeletableItem;
			sourceTree = "<group>";
		};
/* End PBXGroup section */

/* Begin PBXNativeTarget section */
		36A0501A2A500A87006F61D4 /* SuperDoer */ = {
			isa = PBXNativeTarget;
			buildConfigurationList = 36A050322A500A89006F61D4 /* Build configuration list for PBXNativeTarget "SuperDoer" */;
			buildPhases = (
				36A050172A500A87006F61D4 /* Sources */,
				36A050182A500A87006F61D4 /* Frameworks */,
				36A050192A500A87006F61D4 /* Resources */,
				36B31FF52B94F1F700E82DC0 /* Embed Frameworks */,
			);
			buildRules = (
			);
			dependencies = (
			);
			name = SuperDoer;
			packageProductDependencies = (
				366571732B96139100B9C6F7 /* Swinject */,
			);
			productName = SuperDoer;
			productReference = 36A0501B2A500A87006F61D4 /* SuperDoer.app */;
			productType = "com.apple.product-type.application";
		};
/* End PBXNativeTarget section */

/* Begin PBXProject section */
		36A050132A500A87006F61D4 /* Project object */ = {
			isa = PBXProject;
			attributes = {
				BuildIndependentTargetsInParallel = 1;
				LastSwiftUpdateCheck = 1430;
				LastUpgradeCheck = 1430;
				TargetAttributes = {
					36A0501A2A500A87006F61D4 = {
						CreatedOnToolsVersion = 14.3.1;
					};
				};
			};
			buildConfigurationList = 36A050162A500A87006F61D4 /* Build configuration list for PBXProject "SuperDoer" */;
			compatibilityVersion = "Xcode 14.0";
			developmentRegion = en;
			hasScannedForEncodings = 0;
			knownRegions = (
				en,
				Base,
				ru,
			);
			mainGroup = 36A050122A500A87006F61D4;
			packageReferences = (
				366571722B96139100B9C6F7 /* XCRemoteSwiftPackageReference "Swinject" */,
			);
			productRefGroup = 36A0501C2A500A87006F61D4 /* Products */;
			projectDirPath = "";
			projectRoot = "";
			targets = (
				36A0501A2A500A87006F61D4 /* SuperDoer */,
			);
		};
/* End PBXProject section */

/* Begin PBXResourcesBuildPhase section */
		36A050192A500A87006F61D4 /* Resources */ = {
			isa = PBXResourcesBuildPhase;
			buildActionMask = 2147483647;
			files = (
				36A0502E2A500A89006F61D4 /* LaunchScreen.storyboard in Resources */,
				362D15012A86249000ADE1A8 /* .gitignore in Resources */,
				36A0502B2A500A89006F61D4 /* Images.xcassets in Resources */,
				36D0817D2BCC0DE40092E2D9 /* swiftgen.yml in Resources */,
			);
			runOnlyForDeploymentPostprocessing = 0;
		};
/* End PBXResourcesBuildPhase section */

/* Begin PBXSourcesBuildPhase section */
		36A050172A500A87006F61D4 /* Sources */ = {
			isa = PBXSourcesBuildPhase;
			buildActionMask = 2147483647;
			files = (
				36587FD42BA5FB5F00463296 /* AddFileToTaskFromLibraryCoordinator.swift in Sources */,
				367F30532AA7505200545F60 /* VariantsTableView.swift in Sources */,
				364CEADB2BA34AFD0012D0BF /* TaskDeadlineDateCustomCoordinator.swift in Sources */,
				3600ACCE2AA0E3DC0022506A /* PIXEL_PERFECT_screen.swift in Sources */,
				366BC5CF2A89264200D67230 /* ReminderDateButtonCell.swift in Sources */,
				362568FC2B8519B300CFC5E4 /* AddSectionPanelTextField.swift in Sources */,
				36A7B5A12B20ADCD00F1E952 /* TaskListInSectionViewModel.swift in Sources */,
				3642379D2BA4A89F00E3AE76 /* TaskRepeatPeriodVariantsCoordinator.swift in Sources */,
				36FE0C5F2BA9CC9C0083513C /* TaskSectionDeletableViewModel.swift in Sources */,
				36FCF92D2B89E401002B2CB8 /* TableVariantsViewModelType.swift in Sources */,
				36A050392A504E21006F61D4 /* TaskListInSectionViewController.swift in Sources */,
				3664663A2B124FCF00371DE3 /* TaskSectionsSeparator.swift in Sources */,
				36A7B5A72B20B36400F1E952 /* TaskInSectionTableViewCellViewModelType.swift in Sources */,
				36FE0C5D2BA99A030083513C /* TaskFileDeletableViewModel.swift in Sources */,
				364237A02BA4B1C600E3AE76 /* TaskRepeatPeriodCusomCoordinator.swift in Sources */,
				3645DD712B8DD981009CB533 /* DateVariantCellViewModel.swift in Sources */,
				36587FDD2BA614E900463296 /* AddFileToTaskFromFilesCoordinator.swift in Sources */,
				36F2B8232B8CD82F006AE5D7 /* TaskDescriptionEditorViewModel.swift in Sources */,
				367E36D52A96463E003E7C1D /* DeleteAlertController.swift in Sources */,
				362D15032A862C2700ADE1A8 /* TaskDetailTableView.swift in Sources */,
				36CBA1032A9202BC000C78FB /* NotificationsDisabledAlertController.swift in Sources */,
				3645DD732B8DD9A9009CB533 /* CustomVariantCellViewModel.swift in Sources */,
				362568FF2B851AC400CFC5E4 /* CreateTaskBottomPanelView.swift in Sources */,
				36CD03F32B13772C00C45298 /* TaskSectionsTableView.swift in Sources */,
				362569012B851FDE00CFC5E4 /* CreateTaskPanelTextField.swift in Sources */,
				36EF4D3A2A9E185900343393 /* TextEditorViewController.swift in Sources */,
				366C8A172B8E363F00465963 /* CustomTaskRepeatPeriodSetterViewModel.swift in Sources */,
				366C8A142B8E353600465963 /* CustomTaskRepeatPeriodSetterViewController.swift in Sources */,
				3645DD6F2B8DD8D8009CB533 /* TaskRepeatPeriodTableVariantsViewModel.swift in Sources */,
				366708B52BA0AFA000FC160F /* TaskDetailCoordinator.swift in Sources */,
				36CF277F2BA0921B00641752 /* TaskSectionListCoordinator.swift in Sources */,
				3676D7682BA03E7100F695A1 /* DIContainer.swift in Sources */,
				3600ACCC2AA0C3D70022506A /* UITaskTitleTextView.swift in Sources */,
				366C8A122B8DE2D700465963 /* TaskRepeatPeriodVariantCellViewModel.swift in Sources */,
				361C9C752B8259D40002155C /* Box.swift in Sources */,
				36FB6DBB2BA42AFF0062FA4D /* ContainerNavigationController.swift in Sources */,
				3630CB862B1B467400E65115 /* TaskSectionProtocol.swift in Sources */,
				3630CB822B1B436D00E65115 /* TaskSectionCustom+CoreDataClass.swift in Sources */,
				36A315482BA9820B005EE14D /* DeleteItemCoordinator.swift in Sources */,
				368FEC6A2A86B2E90001A5D3 /* StandartTaskTableViewCell.swift in Sources */,
				36CA12C12B8C6188005E1FCD /* TaskDeadlineDateCustomViewModel.swift in Sources */,
				364E7E8B2B91E67A00C7A2AC /* TaskRepeatPeriodAmountRowViewModel.swift in Sources */,
				36CF277C2BA090CA00641752 /* BaseCoordinator.swift in Sources */,
				36B80B4A2A6BABED00E33F29 /* Extensions.swift in Sources */,
				36CD03F82B13A5E500C45298 /* CustomDateSetterViewController.swift in Sources */,
				360784842B0E1D1700ED7BD6 /* TaskFile+CoreDataClass.swift in Sources */,
				361DD8F52B08D5B8009A0AEE /* TaskEntityManager.swift in Sources */,
				36626DA52B1CBB5700F17CE4 /* TaskSectionCustomListTableViewCellViewModel.swift in Sources */,
				368FD0502C1EECBE003B75AA /* NotificationsService.swift in Sources */,
				36B80B432A6BA4B600E33F29 /* CheckboxButton.swift in Sources */,
				36612C012B88E9BD00AFE168 /* TaskSectionCustom+CoreDataProperties.swift in Sources */,
				36A050232A500A87006F61D4 /* TaskSectionsListViewController.swift in Sources */,
				36626DA92B1CC16300F17CE4 /* TaskSectionSystemListTableViewCellViewModel.swift in Sources */,
				369DEB052BA2FD2900B6D93D /* NotificationsDisableAlertCoordinator.swift in Sources */,
				366708B22BA0A88200FC160F /* TaskListInSectionCoordinator.swift in Sources */,
				3600ACD32AA0F4C80022506A /* TableVariantsViewController.swift in Sources */,
				36A7B5A52B20B34300F1E952 /* TaskInSectionTableViewCellViewModel.swift in Sources */,
				366BC5D52A8944A000D67230 /* AddFileButtonCell.swift in Sources */,
				360D6C5C2A8BC3350092EA5C /* FileButtonCell.swift in Sources */,
				36FE0C592BA996E00083513C /* TaskDeletableViewModel.swift in Sources */,
				360DCA752B08D368005BA4CC /* EntityManager.swift in Sources */,
				364E7E892B91E63F00C7A2AC /* TaskRepeatPeriodRowViewModelType.swift in Sources */,
				366BC5D32A89425100D67230 /* RepeatPeriodButtonCell.swift in Sources */,
				36CF277A2BA08EE100641752 /* Coordinator.swift in Sources */,
				367E36DA2A98A62C003E7C1D /* AddFileSourceAlertController.swift in Sources */,
				36CF27782BA08ED300641752 /* AppCoordinator.swift in Sources */,
				36FCF92F2B89E581002B2CB8 /* TaskDeadlineTableVariantsViewModel.swift in Sources */,
				36D4E7B52B8104A2007EFCB9 /* AddSectionBottomPanelView.swift in Sources */,
				36A0501F2A500A87006F61D4 /* AppDelegate.swift in Sources */,
				366D73B22B8881FE00118262 /* TaskSectionListViewModelType.swift in Sources */,
				36E917E02A7005C200E3C41A /* StarButton.swift in Sources */,
				36CD03F12B136FDD00C45298 /* SystemSectionsBuilder.swift in Sources */,
				364E31342A7BEB8C004544D5 /* TasksListTableView.swift in Sources */,
				366BC5CD2A891F9E00D67230 /* AddToMyDayButtonCell.swift in Sources */,
				3642C0382A8CAEF00000A078 /* DescriptionButtonCell.swift in Sources */,
				36587FD22BA5DE7000463296 /* AddFileToTaskSourceAlertCoordinator.swift in Sources */,
				36587FCD2BA5B2D300463296 /* TaskDescriptionEditorCoordinator.swift in Sources */,
				366BC5CB2A87A56D00D67230 /* AddSubtaskButtonCell.swift in Sources */,
				36CA12C32B8C6212005E1FCD /* CustomDateSetterViewModelType.swift in Sources */,
				367F30562AA7522500545F60 /* VariantTableViewCell.swift in Sources */,
				364CEAD82BA33F340012D0BF /* TaskDeadlineDateVariantsCoordinator.swift in Sources */,
				361C9C722B8255FB0002155C /* TaskDetailViewModel.swift in Sources */,
				36FE0C5B2BA997A60083513C /* BaseDeletableItemViewModel.swift in Sources */,
				36A7B5A32B20AE2F00F1E952 /* TaskListInSectionViewModelType.swift in Sources */,
				36A050212A500A87006F61D4 /* SceneDelegate.swift in Sources */,
				36626DA72B1CBFF200F17CE4 /* TaskSectionListTableViewCellViewModelType.swift in Sources */,
				366A97C92BA31B1800ADE7CC /* TaskReminderCustomDateCoordinator.swift in Sources */,
				364E31312A7BC6DE004544D5 /* LargeTitleTableTextField.swift in Sources */,
				362D15062A8632D700ADE1A8 /* TaskDetailLabelsButtonCell.swift in Sources */,
				36B80B482A6BA67E00E33F29 /* InterfaceColors.swift in Sources */,
				361F20D12B11EB4600CD4A90 /* TaskSectionEntityManager.swift in Sources */,
				36CA12C72B8C95FF005E1FCD /* TaskReminderCustomDateViewModel.swift in Sources */,
				36A64EDF2B17789800E586D4 /* TaskDataCellViewModels.swift in Sources */,
				364E7E8D2B91E69A00C7A2AC /* TaskRepeatPeriodTypeRowViewModel.swift in Sources */,
				361DD8FC2B08DE5C009A0AEE /* Task+CoreDataClass.swift in Sources */,
				36714F7A2A8FA74A001043C3 /* UIDynamicLabel.swift in Sources */,
				3607F5562B135905009B5D1D /* SuperDoer.xcdatamodeld in Sources */,
				3630CB842B1B455100E65115 /* TaskSectionSystem.swift in Sources */,
				36FCF9322B8A0E21002B2CB8 /* BaseVariantCellViewModel.swift in Sources */,
				36CD03F52B13782A00C45298 /* TaskSectionTableViewCell.swift in Sources */,
				366BC5C92A87820900D67230 /* TaskDetailBaseButtonCell.swift in Sources */,
				361D85AA2B88A2BD00406A6B /* DeletableItemViewModelType.swift in Sources */,
				36EF18C02B9338E10066D583 /* TaskDetailLabels2StatesButtonCell.swift in Sources */,
				36A0503B2A504E4B006F61D4 /* TaskDetailViewController.swift in Sources */,
				36F2B8212B8CD7FB006AE5D7 /* TextEditorViewModelType.swift in Sources */,
				369E7A1F2B18FD4E00CBA138 /* TaskSectionListViewModel.swift in Sources */,
				366BC5D12A893E6300D67230 /* DeadlineDateButtonCell.swift in Sources */,
				362AA8BA2B0F69EF0042A17C /* TaskFileEntityManager.swift in Sources */,
			);
			runOnlyForDeploymentPostprocessing = 0;
		};
/* End PBXSourcesBuildPhase section */

/* Begin PBXVariantGroup section */
		36A0502C2A500A89006F61D4 /* LaunchScreen.storyboard */ = {
			isa = PBXVariantGroup;
			children = (
				36A0502D2A500A89006F61D4 /* Base */,
				36B80B4B2A6BC7BC00E33F29 /* ru */,
			);
			name = LaunchScreen.storyboard;
			sourceTree = "<group>";
		};
/* End PBXVariantGroup section */

/* Begin XCBuildConfiguration section */
		36A050302A500A89006F61D4 /* Debug */ = {
			isa = XCBuildConfiguration;
			buildSettings = {
				ALWAYS_SEARCH_USER_PATHS = NO;
				CLANG_ANALYZER_LOCALIZABILITY_NONLOCALIZED = YES;
				CLANG_ANALYZER_NONNULL = YES;
				CLANG_ANALYZER_NUMBER_OBJECT_CONVERSION = YES_AGGRESSIVE;
				CLANG_CXX_LANGUAGE_STANDARD = "gnu++20";
				CLANG_ENABLE_MODULES = YES;
				CLANG_ENABLE_OBJC_ARC = YES;
				CLANG_ENABLE_OBJC_WEAK = YES;
				CLANG_WARN_BLOCK_CAPTURE_AUTORELEASING = YES;
				CLANG_WARN_BOOL_CONVERSION = YES;
				CLANG_WARN_COMMA = YES;
				CLANG_WARN_CONSTANT_CONVERSION = YES;
				CLANG_WARN_DEPRECATED_OBJC_IMPLEMENTATIONS = YES;
				CLANG_WARN_DIRECT_OBJC_ISA_USAGE = YES_ERROR;
				CLANG_WARN_DOCUMENTATION_COMMENTS = YES;
				CLANG_WARN_EMPTY_BODY = YES;
				CLANG_WARN_ENUM_CONVERSION = YES;
				CLANG_WARN_INFINITE_RECURSION = YES;
				CLANG_WARN_INT_CONVERSION = YES;
				CLANG_WARN_NON_LITERAL_NULL_CONVERSION = YES;
				CLANG_WARN_OBJC_IMPLICIT_RETAIN_SELF = YES;
				CLANG_WARN_OBJC_LITERAL_CONVERSION = YES;
				CLANG_WARN_OBJC_ROOT_CLASS = YES_ERROR;
				CLANG_WARN_QUOTED_INCLUDE_IN_FRAMEWORK_HEADER = YES;
				CLANG_WARN_RANGE_LOOP_ANALYSIS = YES;
				CLANG_WARN_STRICT_PROTOTYPES = YES;
				CLANG_WARN_SUSPICIOUS_MOVE = YES;
				CLANG_WARN_UNGUARDED_AVAILABILITY = YES_AGGRESSIVE;
				CLANG_WARN_UNREACHABLE_CODE = YES;
				CLANG_WARN__DUPLICATE_METHOD_MATCH = YES;
				COPY_PHASE_STRIP = NO;
				DEBUG_INFORMATION_FORMAT = dwarf;
				ENABLE_STRICT_OBJC_MSGSEND = YES;
				ENABLE_TESTABILITY = YES;
				GCC_C_LANGUAGE_STANDARD = gnu11;
				GCC_DYNAMIC_NO_PIC = NO;
				GCC_NO_COMMON_BLOCKS = YES;
				GCC_OPTIMIZATION_LEVEL = 0;
				GCC_PREPROCESSOR_DEFINITIONS = (
					"DEBUG=1",
					"$(inherited)",
				);
				GCC_WARN_64_TO_32_BIT_CONVERSION = YES;
				GCC_WARN_ABOUT_RETURN_TYPE = YES_ERROR;
				GCC_WARN_UNDECLARED_SELECTOR = YES;
				GCC_WARN_UNINITIALIZED_AUTOS = YES_AGGRESSIVE;
				GCC_WARN_UNUSED_FUNCTION = YES;
				GCC_WARN_UNUSED_VARIABLE = YES;
				IPHONEOS_DEPLOYMENT_TARGET = 16.4;
				MTL_ENABLE_DEBUG_INFO = INCLUDE_SOURCE;
				MTL_FAST_MATH = YES;
				ONLY_ACTIVE_ARCH = YES;
				SDKROOT = iphoneos;
				SWIFT_ACTIVE_COMPILATION_CONDITIONS = DEBUG;
				SWIFT_OPTIMIZATION_LEVEL = "-Onone";
			};
			name = Debug;
		};
		36A050312A500A89006F61D4 /* Release */ = {
			isa = XCBuildConfiguration;
			buildSettings = {
				ALWAYS_SEARCH_USER_PATHS = NO;
				CLANG_ANALYZER_LOCALIZABILITY_NONLOCALIZED = YES;
				CLANG_ANALYZER_NONNULL = YES;
				CLANG_ANALYZER_NUMBER_OBJECT_CONVERSION = YES_AGGRESSIVE;
				CLANG_CXX_LANGUAGE_STANDARD = "gnu++20";
				CLANG_ENABLE_MODULES = YES;
				CLANG_ENABLE_OBJC_ARC = YES;
				CLANG_ENABLE_OBJC_WEAK = YES;
				CLANG_WARN_BLOCK_CAPTURE_AUTORELEASING = YES;
				CLANG_WARN_BOOL_CONVERSION = YES;
				CLANG_WARN_COMMA = YES;
				CLANG_WARN_CONSTANT_CONVERSION = YES;
				CLANG_WARN_DEPRECATED_OBJC_IMPLEMENTATIONS = YES;
				CLANG_WARN_DIRECT_OBJC_ISA_USAGE = YES_ERROR;
				CLANG_WARN_DOCUMENTATION_COMMENTS = YES;
				CLANG_WARN_EMPTY_BODY = YES;
				CLANG_WARN_ENUM_CONVERSION = YES;
				CLANG_WARN_INFINITE_RECURSION = YES;
				CLANG_WARN_INT_CONVERSION = YES;
				CLANG_WARN_NON_LITERAL_NULL_CONVERSION = YES;
				CLANG_WARN_OBJC_IMPLICIT_RETAIN_SELF = YES;
				CLANG_WARN_OBJC_LITERAL_CONVERSION = YES;
				CLANG_WARN_OBJC_ROOT_CLASS = YES_ERROR;
				CLANG_WARN_QUOTED_INCLUDE_IN_FRAMEWORK_HEADER = YES;
				CLANG_WARN_RANGE_LOOP_ANALYSIS = YES;
				CLANG_WARN_STRICT_PROTOTYPES = YES;
				CLANG_WARN_SUSPICIOUS_MOVE = YES;
				CLANG_WARN_UNGUARDED_AVAILABILITY = YES_AGGRESSIVE;
				CLANG_WARN_UNREACHABLE_CODE = YES;
				CLANG_WARN__DUPLICATE_METHOD_MATCH = YES;
				COPY_PHASE_STRIP = NO;
				DEBUG_INFORMATION_FORMAT = "dwarf-with-dsym";
				ENABLE_NS_ASSERTIONS = NO;
				ENABLE_STRICT_OBJC_MSGSEND = YES;
				GCC_C_LANGUAGE_STANDARD = gnu11;
				GCC_NO_COMMON_BLOCKS = YES;
				GCC_WARN_64_TO_32_BIT_CONVERSION = YES;
				GCC_WARN_ABOUT_RETURN_TYPE = YES_ERROR;
				GCC_WARN_UNDECLARED_SELECTOR = YES;
				GCC_WARN_UNINITIALIZED_AUTOS = YES_AGGRESSIVE;
				GCC_WARN_UNUSED_FUNCTION = YES;
				GCC_WARN_UNUSED_VARIABLE = YES;
				IPHONEOS_DEPLOYMENT_TARGET = 16.4;
				MTL_ENABLE_DEBUG_INFO = NO;
				MTL_FAST_MATH = YES;
				SDKROOT = iphoneos;
				SWIFT_COMPILATION_MODE = wholemodule;
				SWIFT_OPTIMIZATION_LEVEL = "-O";
				VALIDATE_PRODUCT = YES;
			};
			name = Release;
		};
		36A050332A500A89006F61D4 /* Debug */ = {
			isa = XCBuildConfiguration;
			buildSettings = {
				ASSETCATALOG_COMPILER_APPICON_NAME = AppIcon;
				ASSETCATALOG_COMPILER_GLOBAL_ACCENT_COLOR_NAME = AccentColor;
				CODE_SIGN_STYLE = Automatic;
				CURRENT_PROJECT_VERSION = 1;
				DEVELOPMENT_TEAM = 246CANGAHU;
				GENERATE_INFOPLIST_FILE = YES;
				INFOPLIST_FILE = SuperDoer/Resources/Info.plist;
				INFOPLIST_KEY_CFBundleDisplayName = SuperDoer;
				INFOPLIST_KEY_LSApplicationCategoryType = "public.app-category.business";
				INFOPLIST_KEY_LSSupportsOpeningDocumentsInPlace = YES;
				INFOPLIST_KEY_NSCameraUsageDescription = "Чтобы сделать фото или видео и прикрепить как файл к задаче";
				INFOPLIST_KEY_NSPhotoLibraryUsageDescription = "Get photo and video for saving as file in task";
				INFOPLIST_KEY_UIApplicationSupportsIndirectInputEvents = YES;
				INFOPLIST_KEY_UILaunchStoryboardName = LaunchScreen;
				INFOPLIST_KEY_UISupportedInterfaceOrientations_iPad = "UIInterfaceOrientationPortrait UIInterfaceOrientationPortraitUpsideDown UIInterfaceOrientationLandscapeLeft UIInterfaceOrientationLandscapeRight";
				INFOPLIST_KEY_UISupportedInterfaceOrientations_iPhone = "UIInterfaceOrientationPortrait UIInterfaceOrientationLandscapeLeft UIInterfaceOrientationLandscapeRight";
				IPHONEOS_DEPLOYMENT_TARGET = 16.0;
				LD_RUNPATH_SEARCH_PATHS = (
					"$(inherited)",
					"@executable_path/Frameworks",
				);
				MARKETING_VERSION = 1.0;
				PRODUCT_BUNDLE_IDENTIFIER = nova.SuperDoer;
				PRODUCT_NAME = "$(TARGET_NAME)";
				SUPPORTED_PLATFORMS = "iphoneos iphonesimulator";
				SUPPORTS_MACCATALYST = NO;
				SUPPORTS_XR_DESIGNED_FOR_IPHONE_IPAD = NO;
				SWIFT_EMIT_LOC_STRINGS = YES;
				SWIFT_VERSION = 5.0;
				TARGETED_DEVICE_FAMILY = "1,2";
			};
			name = Debug;
		};
		36A050342A500A89006F61D4 /* Release */ = {
			isa = XCBuildConfiguration;
			buildSettings = {
				ASSETCATALOG_COMPILER_APPICON_NAME = AppIcon;
				ASSETCATALOG_COMPILER_GLOBAL_ACCENT_COLOR_NAME = AccentColor;
				CODE_SIGN_STYLE = Automatic;
				CURRENT_PROJECT_VERSION = 1;
				DEVELOPMENT_TEAM = 246CANGAHU;
				GENERATE_INFOPLIST_FILE = YES;
				INFOPLIST_FILE = SuperDoer/Resources/Info.plist;
				INFOPLIST_KEY_CFBundleDisplayName = SuperDoer;
				INFOPLIST_KEY_LSApplicationCategoryType = "public.app-category.business";
				INFOPLIST_KEY_LSSupportsOpeningDocumentsInPlace = YES;
				INFOPLIST_KEY_NSCameraUsageDescription = "Чтобы сделать фото или видео и прикрепить как файл к задаче";
				INFOPLIST_KEY_NSPhotoLibraryUsageDescription = "Get photo and video for saving as file in task";
				INFOPLIST_KEY_UIApplicationSupportsIndirectInputEvents = YES;
				INFOPLIST_KEY_UILaunchStoryboardName = LaunchScreen;
				INFOPLIST_KEY_UISupportedInterfaceOrientations_iPad = "UIInterfaceOrientationPortrait UIInterfaceOrientationPortraitUpsideDown UIInterfaceOrientationLandscapeLeft UIInterfaceOrientationLandscapeRight";
				INFOPLIST_KEY_UISupportedInterfaceOrientations_iPhone = "UIInterfaceOrientationPortrait UIInterfaceOrientationLandscapeLeft UIInterfaceOrientationLandscapeRight";
				IPHONEOS_DEPLOYMENT_TARGET = 16.0;
				LD_RUNPATH_SEARCH_PATHS = (
					"$(inherited)",
					"@executable_path/Frameworks",
				);
				MARKETING_VERSION = 1.0;
				PRODUCT_BUNDLE_IDENTIFIER = nova.SuperDoer;
				PRODUCT_NAME = "$(TARGET_NAME)";
				SUPPORTED_PLATFORMS = "iphoneos iphonesimulator";
				SUPPORTS_MACCATALYST = NO;
				SUPPORTS_XR_DESIGNED_FOR_IPHONE_IPAD = NO;
				SWIFT_EMIT_LOC_STRINGS = YES;
				SWIFT_VERSION = 5.0;
				TARGETED_DEVICE_FAMILY = "1,2";
			};
			name = Release;
		};
/* End XCBuildConfiguration section */

/* Begin XCConfigurationList section */
		36A050162A500A87006F61D4 /* Build configuration list for PBXProject "SuperDoer" */ = {
			isa = XCConfigurationList;
			buildConfigurations = (
				36A050302A500A89006F61D4 /* Debug */,
				36A050312A500A89006F61D4 /* Release */,
			);
			defaultConfigurationIsVisible = 0;
			defaultConfigurationName = Release;
		};
		36A050322A500A89006F61D4 /* Build configuration list for PBXNativeTarget "SuperDoer" */ = {
			isa = XCConfigurationList;
			buildConfigurations = (
				36A050332A500A89006F61D4 /* Debug */,
				36A050342A500A89006F61D4 /* Release */,
			);
			defaultConfigurationIsVisible = 0;
			defaultConfigurationName = Release;
		};
/* End XCConfigurationList section */

/* Begin XCRemoteSwiftPackageReference section */
		366571722B96139100B9C6F7 /* XCRemoteSwiftPackageReference "Swinject" */ = {
			isa = XCRemoteSwiftPackageReference;
			repositoryURL = "https://github.com/Swinject/Swinject";
			requirement = {
				kind = upToNextMajorVersion;
				minimumVersion = 2.8.4;
			};
		};
/* End XCRemoteSwiftPackageReference section */

/* Begin XCSwiftPackageProductDependency section */
		366571732B96139100B9C6F7 /* Swinject */ = {
			isa = XCSwiftPackageProductDependency;
			package = 366571722B96139100B9C6F7 /* XCRemoteSwiftPackageReference "Swinject" */;
			productName = Swinject;
		};
/* End XCSwiftPackageProductDependency section */

/* Begin XCVersionGroup section */
		3607F5542B135904009B5D1D /* SuperDoer.xcdatamodeld */ = {
			isa = XCVersionGroup;
			children = (
				3607F5552B135904009B5D1D /* SuperDoer.xcdatamodel */,
			);
			currentVersion = 3607F5552B135904009B5D1D /* SuperDoer.xcdatamodel */;
			path = SuperDoer.xcdatamodeld;
			sourceTree = "<group>";
			versionGroupType = wrapper.xcdatamodel;
		};
/* End XCVersionGroup section */
	};
	rootObject = 36A050132A500A87006F61D4 /* Project object */;
}
